
Microsoft Visual Studio Solution File, Format Version 12.00
# Visual Studio 15
Project("{FAE04EC0-301F-11D3-BF4B-00C04F79EFBC}") = "UniGLTF", "UniGLTF.csproj", "{65DFB1EB-80AF-CC7C-11E2-B499865E2B93}"
EndProject
Project("{FAE04EC0-301F-11D3-BF4B-00C04F79EFBC}") = "Assembly-CSharp", "Assembly-CSharp.csproj", "{88A873CB-D94D-DB69-7706-6548D1F16EB5}"
EndProject
Project("{FAE04EC0-301F-11D3-BF4B-00C04F79EFBC}") = "SimpleWebTransport", "SimpleWebTransport.csproj", "{98523CB5-DF7E-D852-1C52-CB98A70BEE1B}"
EndProject
Project("{FAE04EC0-301F-11D3-BF4B-00C04F79EFBC}") = "Mirror.Examples", "Mirror.Examples.csproj", "{4058C387-867F-432B-E964-C6337C1288C7}"
EndProject
Project("{FAE04EC0-301F-11D3-BF4B-00C04F79EFBC}") = "VRM", "VRM.csproj", "{16654D5F-BAFA-D92E-C8A4-52B854A5AEAC}"
EndProject
Project("{FAE04EC0-301F-11D3-BF4B-00C04F79EFBC}") = "VRMShaders.GLTF.IO.Runtime", "VRMShaders.GLTF.IO.Runtime.csproj", "{08B11B46-1462-DAD3-38CD-7043A5A06EC6}"
EndProject
Project("{FAE04EC0-301F-11D3-BF4B-00C04F79EFBC}") = "Mirror", "Mirror.csproj", "{DBED52C6-DCA8-9007-EE89-5235FDA6E789}"
EndProject
Project("{FAE04EC0-301F-11D3-BF4B-00C04F79EFBC}") = "Mirror.Components", "Mirror.Components.csproj", "{0EA1787C-8890-50A0-C4C2-F2373E56054B}"
EndProject
Project("{FAE04EC0-301F-11D3-BF4B-00C04F79EFBC}") = "VRMShaders.VRM10.MToon10.Runtime", "VRMShaders.VRM10.MToon10.Runtime.csproj", "{17BB5274-7A36-E041-44AF-33B336FD5B9C}"
EndProject
Project("{FAE04EC0-301F-11D3-BF4B-00C04F79EFBC}") = "LRM", "LRM.csproj", "{E4DDF820-6349-9A2A-666D-A8E80625EAE7}"
EndProject
Project("{FAE04EC0-301F-11D3-BF4B-00C04F79EFBC}") = "Telepathy", "Telepathy.csproj", "{D1215D48-5384-1C3F-8858-2D70F101F009}"
EndProject
Project("{FAE04EC0-301F-11D3-BF4B-00C04F79EFBC}") = "UniHumanoid", "UniHumanoid.csproj", "{F967C812-8451-26BB-634B-C1DB4E90315F}"
EndProject
Project("{FAE04EC0-301F-11D3-BF4B-00C04F79EFBC}") = "FastSpringBone", "FastSpringBone.csproj", "{C88E3BAB-0813-AF3B-DC30-06415F26225A}"
EndProject
Project("{FAE04EC0-301F-11D3-BF4B-00C04F79EFBC}") = "VRMShaders.GLTF.UniUnlit.Runtime", "VRMShaders.GLTF.UniUnlit.Runtime.csproj", "{883FFD29-B762-336B-0BB6-0A0B63522637}"
EndProject
Project("{FAE04EC0-301F-11D3-BF4B-00C04F79EFBC}") = "MToon", "MToon.csproj", "{78EB9B24-5283-D4F0-EFD2-B3FF8BFE114A}"
EndProject
Project("{FAE04EC0-301F-11D3-BF4B-00C04F79EFBC}") = "kcp2k", "kcp2k.csproj", "{30745D93-7266-BB20-06DF-97E5D8CF954D}"
EndProject
Project("{FAE04EC0-301F-11D3-BF4B-00C04F79EFBC}") = "where-allocations", "where-allocations.csproj", "{C8BED6F2-D59E-E61E-CF14-BD05CA1F29A9}"
EndProject
Project("{FAE04EC0-301F-11D3-BF4B-00C04F79EFBC}") = "DOTween.Modules", "DOTween.Modules.csproj", "{B173EE87-0C97-AA4B-2600-2C2AE4F28F9D}"
EndProject
Project("{FAE04EC0-301F-11D3-BF4B-00C04F79EFBC}") = "VRMShaders.VRM10.Format.Runtime", "VRMShaders.VRM10.Format.Runtime.csproj", "{729A39BE-B179-D1D8-9542-18236098D1B6}"
EndProject
Project("{FAE04EC0-301F-11D3-BF4B-00C04F79EFBC}") = "UniGLTF.Samples.ScreenSpace", "UniGLTF.Samples.ScreenSpace.csproj", "{79EBF7A3-0CE5-648B-26EF-61319D1C74C3}"
EndProject
Project("{FAE04EC0-301F-11D3-BF4B-00C04F79EFBC}") = "Mirror.Authenticators", "Mirror.Authenticators.csproj", "{E9619DB5-3FDB-1CF4-DAAB-93AC539178DE}"
EndProject
Project("{FAE04EC0-301F-11D3-BF4B-00C04F79EFBC}") = "VRMShaders.VRM.IO.Runtime", "VRMShaders.VRM.IO.Runtime.csproj", "{96F2B1F9-6B40-87B6-8548-F034C7C9354D}"
EndProject
Project("{FAE04EC0-301F-11D3-BF4B-00C04F79EFBC}") = "VRMShaders.GLTF.IO.Tests", "VRMShaders.GLTF.IO.Tests.csproj", "{C9FAC706-8A2D-63D8-174E-3F5B9ED563BE}"
EndProject
Project("{FAE04EC0-301F-11D3-BF4B-00C04F79EFBC}") = "UniGLTF.Tests", "UniGLTF.Tests.csproj", "{59F99511-4512-93EB-59B7-D4712A3998D9}"
EndProject
Project("{FAE04EC0-301F-11D3-BF4B-00C04F79EFBC}") = "Unity.Mirror.CodeGen", "Unity.Mirror.CodeGen.csproj", "{2E0E6737-C283-070A-5F77-AC0AA3462020}"
EndProject
Project("{FAE04EC0-301F-11D3-BF4B-00C04F79EFBC}") = "Assembly-CSharp-Editor", "Assembly-CSharp-Editor.csproj", "{D84E7E47-7643-1BD9-7E80-A67569D3978F}"
EndProject
Project("{FAE04EC0-301F-11D3-BF4B-00C04F79EFBC}") = "UniVRM.Editor", "UniVRM.Editor.csproj", "{8254E80F-11EA-690A-CBDC-40BA89166D56}"
EndProject
Project("{FAE04EC0-301F-11D3-BF4B-00C04F79EFBC}") = "VRMShaders.GLTF.UniUnlit.Editor", "VRMShaders.GLTF.UniUnlit.Editor.csproj", "{55A74C6C-4747-BD35-7DF3-5A5D74023D80}"
EndProject
Project("{FAE04EC0-301F-11D3-BF4B-00C04F79EFBC}") = "UniGLTF.Editor", "UniGLTF.Editor.csproj", "{C9E1550E-FB36-FDEC-77FB-FBD4840CF4B0}"
EndProject
Project("{FAE04EC0-301F-11D3-BF4B-00C04F79EFBC}") = "UniHumanoid.Editor", "UniHumanoid.Editor.csproj", "{AC0D872B-6870-04AA-1A62-7028AC0AC2F3}"
EndProject
Project("{FAE04EC0-301F-11D3-BF4B-00C04F79EFBC}") = "VRM.Tests", "VRM.Tests.csproj", "{29E38C88-EED0-7A53-9CDE-46BCFCC29632}"
EndProject
Project("{FAE04EC0-301F-11D3-BF4B-00C04F79EFBC}") = "Mirror.Editor", "Mirror.Editor.csproj", "{DDC20208-AD9D-24EA-8EC7-CA115C5E5872}"
EndProject
Project("{FAE04EC0-301F-11D3-BF4B-00C04F79EFBC}") = "Mirror.CompilerSymbols", "Mirror.CompilerSymbols.csproj", "{974B0E0A-1846-0C46-ABDE-30F169695F5E}"
EndProject
Project("{FAE04EC0-301F-11D3-BF4B-00C04F79EFBC}") = "VRMShaders.GLTF.IO.Editor", "VRMShaders.GLTF.IO.Editor.csproj", "{F4D2A459-3844-723E-0225-F594947D761D}"
EndProject
Project("{FAE04EC0-301F-11D3-BF4B-00C04F79EFBC}") = "VRMShaders.VRM10.MToon10.Editor", "VRMShaders.VRM10.MToon10.Editor.csproj", "{AB9B890D-348A-529B-3AF2-8AFD82D2A0C0}"
EndProject
Project("{FAE04EC0-301F-11D3-BF4B-00C04F79EFBC}") = "MToon.Editor", "MToon.Editor.csproj", "{0D579EAA-8F60-7309-8E51-EA2492362CE3}"
EndProject
Project("{FAE04EC0-301F-11D3-BF4B-00C04F79EFBC}") = "VRMShaders.VRM10.MToon10.Tests", "VRMShaders.VRM10.MToon10.Tests.csproj", "{9AD2DA73-65B6-6C26-5F33-715C2E4D22EA}"
EndProject
Project("{FAE04EC0-301F-11D3-BF4B-00C04F79EFBC}") = "UniHumanoid.Editor.Tests", "UniHumanoid.Editor.Tests.csproj", "{0AD4ACC9-4E3B-E693-FCD2-8B9806DC751A}"
EndProject
Project("{FAE04EC0-301F-11D3-BF4B-00C04F79EFBC}") = "VRM.Samples.Editor.Tests", "VRM.Samples.Editor.Tests.csproj", "{A58E4732-97CE-55DF-06B7-8B8A9DB11094}"
EndProject
Global
	GlobalSection(SolutionConfigurationPlatforms) = preSolution
		Debug|Any CPU = Debug|Any CPU
		Release|Any CPU = Release|Any CPU
	EndGlobalSection
	GlobalSection(ProjectConfigurationPlatforms) = postSolution
		{65DFB1EB-80AF-CC7C-11E2-B499865E2B93}.Debug|Any CPU.ActiveCfg = Debug|Any CPU
		{65DFB1EB-80AF-CC7C-11E2-B499865E2B93}.Debug|Any CPU.Build.0 = Debug|Any CPU
		{65DFB1EB-80AF-CC7C-11E2-B499865E2B93}.Release|Any CPU.ActiveCfg = Release|Any CPU
		{65DFB1EB-80AF-CC7C-11E2-B499865E2B93}.Release|Any CPU.Build.0 = Release|Any CPU
		{88A873CB-D94D-DB69-7706-6548D1F16EB5}.Debug|Any CPU.ActiveCfg = Debug|Any CPU
		{88A873CB-D94D-DB69-7706-6548D1F16EB5}.Debug|Any CPU.Build.0 = Debug|Any CPU
		{88A873CB-D94D-DB69-7706-6548D1F16EB5}.Release|Any CPU.ActiveCfg = Release|Any CPU
		{88A873CB-D94D-DB69-7706-6548D1F16EB5}.Release|Any CPU.Build.0 = Release|Any CPU
		{98523CB5-DF7E-D852-1C52-CB98A70BEE1B}.Debug|Any CPU.ActiveCfg = Debug|Any CPU
		{98523CB5-DF7E-D852-1C52-CB98A70BEE1B}.Debug|Any CPU.Build.0 = Debug|Any CPU
		{98523CB5-DF7E-D852-1C52-CB98A70BEE1B}.Release|Any CPU.ActiveCfg = Release|Any CPU
		{98523CB5-DF7E-D852-1C52-CB98A70BEE1B}.Release|Any CPU.Build.0 = Release|Any CPU
		{4058C387-867F-432B-E964-C6337C1288C7}.Debug|Any CPU.ActiveCfg = Debug|Any CPU
		{4058C387-867F-432B-E964-C6337C1288C7}.Debug|Any CPU.Build.0 = Debug|Any CPU
		{4058C387-867F-432B-E964-C6337C1288C7}.Release|Any CPU.ActiveCfg = Release|Any CPU
		{4058C387-867F-432B-E964-C6337C1288C7}.Release|Any CPU.Build.0 = Release|Any CPU
		{16654D5F-BAFA-D92E-C8A4-52B854A5AEAC}.Debug|Any CPU.ActiveCfg = Debug|Any CPU
		{16654D5F-BAFA-D92E-C8A4-52B854A5AEAC}.Debug|Any CPU.Build.0 = Debug|Any CPU
		{16654D5F-BAFA-D92E-C8A4-52B854A5AEAC}.Release|Any CPU.ActiveCfg = Release|Any CPU
		{16654D5F-BAFA-D92E-C8A4-52B854A5AEAC}.Release|Any CPU.Build.0 = Release|Any CPU
		{08B11B46-1462-DAD3-38CD-7043A5A06EC6}.Debug|Any CPU.ActiveCfg = Debug|Any CPU
		{08B11B46-1462-DAD3-38CD-7043A5A06EC6}.Debug|Any CPU.Build.0 = Debug|Any CPU
		{08B11B46-1462-DAD3-38CD-7043A5A06EC6}.Release|Any CPU.ActiveCfg = Release|Any CPU
		{08B11B46-1462-DAD3-38CD-7043A5A06EC6}.Release|Any CPU.Build.0 = Release|Any CPU
		{DBED52C6-DCA8-9007-EE89-5235FDA6E789}.Debug|Any CPU.ActiveCfg = Debug|Any CPU
		{DBED52C6-DCA8-9007-EE89-5235FDA6E789}.Debug|Any CPU.Build.0 = Debug|Any CPU
		{DBED52C6-DCA8-9007-EE89-5235FDA6E789}.Release|Any CPU.ActiveCfg = Release|Any CPU
		{DBED52C6-DCA8-9007-EE89-5235FDA6E789}.Release|Any CPU.Build.0 = Release|Any CPU
		{0EA1787C-8890-50A0-C4C2-F2373E56054B}.Debug|Any CPU.ActiveCfg = Debug|Any CPU
		{0EA1787C-8890-50A0-C4C2-F2373E56054B}.Debug|Any CPU.Build.0 = Debug|Any CPU
		{0EA1787C-8890-50A0-C4C2-F2373E56054B}.Release|Any CPU.ActiveCfg = Release|Any CPU
		{0EA1787C-8890-50A0-C4C2-F2373E56054B}.Release|Any CPU.Build.0 = Release|Any CPU
		{17BB5274-7A36-E041-44AF-33B336FD5B9C}.Debug|Any CPU.ActiveCfg = Debug|Any CPU
		{17BB5274-7A36-E041-44AF-33B336FD5B9C}.Debug|Any CPU.Build.0 = Debug|Any CPU
		{17BB5274-7A36-E041-44AF-33B336FD5B9C}.Release|Any CPU.ActiveCfg = Release|Any CPU
		{17BB5274-7A36-E041-44AF-33B336FD5B9C}.Release|Any CPU.Build.0 = Release|Any CPU
		{E4DDF820-6349-9A2A-666D-A8E80625EAE7}.Debug|Any CPU.ActiveCfg = Debug|Any CPU
		{E4DDF820-6349-9A2A-666D-A8E80625EAE7}.Debug|Any CPU.Build.0 = Debug|Any CPU
		{E4DDF820-6349-9A2A-666D-A8E80625EAE7}.Release|Any CPU.ActiveCfg = Release|Any CPU
		{E4DDF820-6349-9A2A-666D-A8E80625EAE7}.Release|Any CPU.Build.0 = Release|Any CPU
		{D1215D48-5384-1C3F-8858-2D70F101F009}.Debug|Any CPU.ActiveCfg = Debug|Any CPU
		{D1215D48-5384-1C3F-8858-2D70F101F009}.Debug|Any CPU.Build.0 = Debug|Any CPU
		{D1215D48-5384-1C3F-8858-2D70F101F009}.Release|Any CPU.ActiveCfg = Release|Any CPU
		{D1215D48-5384-1C3F-8858-2D70F101F009}.Release|Any CPU.Build.0 = Release|Any CPU
		{F967C812-8451-26BB-634B-C1DB4E90315F}.Debug|Any CPU.ActiveCfg = Debug|Any CPU
		{F967C812-8451-26BB-634B-C1DB4E90315F}.Debug|Any CPU.Build.0 = Debug|Any CPU
		{F967C812-8451-26BB-634B-C1DB4E90315F}.Release|Any CPU.ActiveCfg = Release|Any CPU
		{F967C812-8451-26BB-634B-C1DB4E90315F}.Release|Any CPU.Build.0 = Release|Any CPU
		{C88E3BAB-0813-AF3B-DC30-06415F26225A}.Debug|Any CPU.ActiveCfg = Debug|Any CPU
		{C88E3BAB-0813-AF3B-DC30-06415F26225A}.Debug|Any CPU.Build.0 = Debug|Any CPU
		{C88E3BAB-0813-AF3B-DC30-06415F26225A}.Release|Any CPU.ActiveCfg = Release|Any CPU
		{C88E3BAB-0813-AF3B-DC30-06415F26225A}.Release|Any CPU.Build.0 = Release|Any CPU
		{883FFD29-B762-336B-0BB6-0A0B63522637}.Debug|Any CPU.ActiveCfg = Debug|Any CPU
		{883FFD29-B762-336B-0BB6-0A0B63522637}.Debug|Any CPU.Build.0 = Debug|Any CPU
		{883FFD29-B762-336B-0BB6-0A0B63522637}.Release|Any CPU.ActiveCfg = Release|Any CPU
		{883FFD29-B762-336B-0BB6-0A0B63522637}.Release|Any CPU.Build.0 = Release|Any CPU
		{78EB9B24-5283-D4F0-EFD2-B3FF8BFE114A}.Debug|Any CPU.ActiveCfg = Debug|Any CPU
		{78EB9B24-5283-D4F0-EFD2-B3FF8BFE114A}.Debug|Any CPU.Build.0 = Debug|Any CPU
		{78EB9B24-5283-D4F0-EFD2-B3FF8BFE114A}.Release|Any CPU.ActiveCfg = Release|Any CPU
		{78EB9B24-5283-D4F0-EFD2-B3FF8BFE114A}.Release|Any CPU.Build.0 = Release|Any CPU
		{30745D93-7266-BB20-06DF-97E5D8CF954D}.Debug|Any CPU.ActiveCfg = Debug|Any CPU
		{30745D93-7266-BB20-06DF-97E5D8CF954D}.Debug|Any CPU.Build.0 = Debug|Any CPU
		{30745D93-7266-BB20-06DF-97E5D8CF954D}.Release|Any CPU.ActiveCfg = Release|Any CPU
		{30745D93-7266-BB20-06DF-97E5D8CF954D}.Release|Any CPU.Build.0 = Release|Any CPU
		{C8BED6F2-D59E-E61E-CF14-BD05CA1F29A9}.Debug|Any CPU.ActiveCfg = Debug|Any CPU
		{C8BED6F2-D59E-E61E-CF14-BD05CA1F29A9}.Debug|Any CPU.Build.0 = Debug|Any CPU
		{C8BED6F2-D59E-E61E-CF14-BD05CA1F29A9}.Release|Any CPU.ActiveCfg = Release|Any CPU
		{C8BED6F2-D59E-E61E-CF14-BD05CA1F29A9}.Release|Any CPU.Build.0 = Release|Any CPU
		{B173EE87-0C97-AA4B-2600-2C2AE4F28F9D}.Debug|Any CPU.ActiveCfg = Debug|Any CPU
		{B173EE87-0C97-AA4B-2600-2C2AE4F28F9D}.Debug|Any CPU.Build.0 = Debug|Any CPU
		{B173EE87-0C97-AA4B-2600-2C2AE4F28F9D}.Release|Any CPU.ActiveCfg = Release|Any CPU
		{B173EE87-0C97-AA4B-2600-2C2AE4F28F9D}.Release|Any CPU.Build.0 = Release|Any CPU
		{729A39BE-B179-D1D8-9542-18236098D1B6}.Debug|Any CPU.ActiveCfg = Debug|Any CPU
		{729A39BE-B179-D1D8-9542-18236098D1B6}.Debug|Any CPU.Build.0 = Debug|Any CPU
		{729A39BE-B179-D1D8-9542-18236098D1B6}.Release|Any CPU.ActiveCfg = Release|Any CPU
		{729A39BE-B179-D1D8-9542-18236098D1B6}.Release|Any CPU.Build.0 = Release|Any CPU
		{79EBF7A3-0CE5-648B-26EF-61319D1C74C3}.Debug|Any CPU.ActiveCfg = Debug|Any CPU
		{79EBF7A3-0CE5-648B-26EF-61319D1C74C3}.Debug|Any CPU.Build.0 = Debug|Any CPU
		{79EBF7A3-0CE5-648B-26EF-61319D1C74C3}.Release|Any CPU.ActiveCfg = Release|Any CPU
		{79EBF7A3-0CE5-648B-26EF-61319D1C74C3}.Release|Any CPU.Build.0 = Release|Any CPU
		{E9619DB5-3FDB-1CF4-DAAB-93AC539178DE}.Debug|Any CPU.ActiveCfg = Debug|Any CPU
		{E9619DB5-3FDB-1CF4-DAAB-93AC539178DE}.Debug|Any CPU.Build.0 = Debug|Any CPU
		{E9619DB5-3FDB-1CF4-DAAB-93AC539178DE}.Release|Any CPU.ActiveCfg = Release|Any CPU
		{E9619DB5-3FDB-1CF4-DAAB-93AC539178DE}.Release|Any CPU.Build.0 = Release|Any CPU
		{96F2B1F9-6B40-87B6-8548-F034C7C9354D}.Debug|Any CPU.ActiveCfg = Debug|Any CPU
		{96F2B1F9-6B40-87B6-8548-F034C7C9354D}.Debug|Any CPU.Build.0 = Debug|Any CPU
		{96F2B1F9-6B40-87B6-8548-F034C7C9354D}.Release|Any CPU.ActiveCfg = Release|Any CPU
		{96F2B1F9-6B40-87B6-8548-F034C7C9354D}.Release|Any CPU.Build.0 = Release|Any CPU
		{C9FAC706-8A2D-63D8-174E-3F5B9ED563BE}.Debug|Any CPU.ActiveCfg = Debug|Any CPU
		{C9FAC706-8A2D-63D8-174E-3F5B9ED563BE}.Debug|Any CPU.Build.0 = Debug|Any CPU
		{C9FAC706-8A2D-63D8-174E-3F5B9ED563BE}.Release|Any CPU.ActiveCfg = Release|Any CPU
		{C9FAC706-8A2D-63D8-174E-3F5B9ED563BE}.Release|Any CPU.Build.0 = Release|Any CPU
		{59F99511-4512-93EB-59B7-D4712A3998D9}.Debug|Any CPU.ActiveCfg = Debug|Any CPU
		{59F99511-4512-93EB-59B7-D4712A3998D9}.Debug|Any CPU.Build.0 = Debug|Any CPU
		{59F99511-4512-93EB-59B7-D4712A3998D9}.Release|Any CPU.ActiveCfg = Release|Any CPU
		{59F99511-4512-93EB-59B7-D4712A3998D9}.Release|Any CPU.Build.0 = Release|Any CPU
		{2E0E6737-C283-070A-5F77-AC0AA3462020}.Debug|Any CPU.ActiveCfg = Debug|Any CPU
		{2E0E6737-C283-070A-5F77-AC0AA3462020}.Debug|Any CPU.Build.0 = Debug|Any CPU
		{2E0E6737-C283-070A-5F77-AC0AA3462020}.Release|Any CPU.ActiveCfg = Release|Any CPU
		{2E0E6737-C283-070A-5F77-AC0AA3462020}.Release|Any CPU.Build.0 = Release|Any CPU
		{D84E7E47-7643-1BD9-7E80-A67569D3978F}.Debug|Any CPU.ActiveCfg = Debug|Any CPU
		{D84E7E47-7643-1BD9-7E80-A67569D3978F}.Debug|Any CPU.Build.0 = Debug|Any CPU
		{D84E7E47-7643-1BD9-7E80-A67569D3978F}.Release|Any CPU.ActiveCfg = Release|Any CPU
		{D84E7E47-7643-1BD9-7E80-A67569D3978F}.Release|Any CPU.Build.0 = Release|Any CPU
		{8254E80F-11EA-690A-CBDC-40BA89166D56}.Debug|Any CPU.ActiveCfg = Debug|Any CPU
		{8254E80F-11EA-690A-CBDC-40BA89166D56}.Debug|Any CPU.Build.0 = Debug|Any CPU
		{8254E80F-11EA-690A-CBDC-40BA89166D56}.Release|Any CPU.ActiveCfg = Release|Any CPU
		{8254E80F-11EA-690A-CBDC-40BA89166D56}.Release|Any CPU.Build.0 = Release|Any CPU
		{55A74C6C-4747-BD35-7DF3-5A5D74023D80}.Debug|Any CPU.ActiveCfg = Debug|Any CPU
		{55A74C6C-4747-BD35-7DF3-5A5D74023D80}.Debug|Any CPU.Build.0 = Debug|Any CPU
		{55A74C6C-4747-BD35-7DF3-5A5D74023D80}.Release|Any CPU.ActiveCfg = Release|Any CPU
		{55A74C6C-4747-BD35-7DF3-5A5D74023D80}.Release|Any CPU.Build.0 = Release|Any CPU
		{C9E1550E-FB36-FDEC-77FB-FBD4840CF4B0}.Debug|Any CPU.ActiveCfg = Debug|Any CPU
		{C9E1550E-FB36-FDEC-77FB-FBD4840CF4B0}.Debug|Any CPU.Build.0 = Debug|Any CPU
		{C9E1550E-FB36-FDEC-77FB-FBD4840CF4B0}.Release|Any CPU.ActiveCfg = Release|Any CPU
		{C9E1550E-FB36-FDEC-77FB-FBD4840CF4B0}.Release|Any CPU.Build.0 = Release|Any CPU
		{AC0D872B-6870-04AA-1A62-7028AC0AC2F3}.Debug|Any CPU.ActiveCfg = Debug|Any CPU
		{AC0D872B-6870-04AA-1A62-7028AC0AC2F3}.Debug|Any CPU.Build.0 = Debug|Any CPU
		{AC0D872B-6870-04AA-1A62-7028AC0AC2F3}.Release|Any CPU.ActiveCfg = Release|Any CPU
		{AC0D872B-6870-04AA-1A62-7028AC0AC2F3}.Release|Any CPU.Build.0 = Release|Any CPU
		{29E38C88-EED0-7A53-9CDE-46BCFCC29632}.Debug|Any CPU.ActiveCfg = Debug|Any CPU
		{29E38C88-EED0-7A53-9CDE-46BCFCC29632}.Debug|Any CPU.Build.0 = Debug|Any CPU
		{29E38C88-EED0-7A53-9CDE-46BCFCC29632}.Release|Any CPU.ActiveCfg = Release|Any CPU
		{29E38C88-EED0-7A53-9CDE-46BCFCC29632}.Release|Any CPU.Build.0 = Release|Any CPU
		{DDC20208-AD9D-24EA-8EC7-CA115C5E5872}.Debug|Any CPU.ActiveCfg = Debug|Any CPU
		{DDC20208-AD9D-24EA-8EC7-CA115C5E5872}.Debug|Any CPU.Build.0 = Debug|Any CPU
		{DDC20208-AD9D-24EA-8EC7-CA115C5E5872}.Release|Any CPU.ActiveCfg = Release|Any CPU
		{DDC20208-AD9D-24EA-8EC7-CA115C5E5872}.Release|Any CPU.Build.0 = Release|Any CPU
		{974B0E0A-1846-0C46-ABDE-30F169695F5E}.Debug|Any CPU.ActiveCfg = Debug|Any CPU
		{974B0E0A-1846-0C46-ABDE-30F169695F5E}.Debug|Any CPU.Build.0 = Debug|Any CPU
		{974B0E0A-1846-0C46-ABDE-30F169695F5E}.Release|Any CPU.ActiveCfg = Release|Any CPU
		{974B0E0A-1846-0C46-ABDE-30F169695F5E}.Release|Any CPU.Build.0 = Release|Any CPU
		{F4D2A459-3844-723E-0225-F594947D761D}.Debug|Any CPU.ActiveCfg = Debug|Any CPU
		{F4D2A459-3844-723E-0225-F594947D761D}.Debug|Any CPU.Build.0 = Debug|Any CPU
		{F4D2A459-3844-723E-0225-F594947D761D}.Release|Any CPU.ActiveCfg = Release|Any CPU
		{F4D2A459-3844-723E-0225-F594947D761D}.Release|Any CPU.Build.0 = Release|Any CPU
		{AB9B890D-348A-529B-3AF2-8AFD82D2A0C0}.Debug|Any CPU.ActiveCfg = Debug|Any CPU
		{AB9B890D-348A-529B-3AF2-8AFD82D2A0C0}.Debug|Any CPU.Build.0 = Debug|Any CPU
		{AB9B890D-348A-529B-3AF2-8AFD82D2A0C0}.Release|Any CPU.ActiveCfg = Release|Any CPU
		{AB9B890D-348A-529B-3AF2-8AFD82D2A0C0}.Release|Any CPU.Build.0 = Release|Any CPU
		{0D579EAA-8F60-7309-8E51-EA2492362CE3}.Debug|Any CPU.ActiveCfg = Debug|Any CPU
		{0D579EAA-8F60-7309-8E51-EA2492362CE3}.Debug|Any CPU.Build.0 = Debug|Any CPU
		{0D579EAA-8F60-7309-8E51-EA2492362CE3}.Release|Any CPU.ActiveCfg = Release|Any CPU
		{0D579EAA-8F60-7309-8E51-EA2492362CE3}.Release|Any CPU.Build.0 = Release|Any CPU
		{9AD2DA73-65B6-6C26-5F33-715C2E4D22EA}.Debug|Any CPU.ActiveCfg = Debug|Any CPU
		{9AD2DA73-65B6-6C26-5F33-715C2E4D22EA}.Debug|Any CPU.Build.0 = Debug|Any CPU
		{9AD2DA73-65B6-6C26-5F33-715C2E4D22EA}.Release|Any CPU.ActiveCfg = Release|Any CPU
		{9AD2DA73-65B6-6C26-5F33-715C2E4D22EA}.Release|Any CPU.Build.0 = Release|Any CPU
		{0AD4ACC9-4E3B-E693-FCD2-8B9806DC751A}.Debug|Any CPU.ActiveCfg = Debug|Any CPU
		{0AD4ACC9-4E3B-E693-FCD2-8B9806DC751A}.Debug|Any CPU.Build.0 = Debug|Any CPU
		{0AD4ACC9-4E3B-E693-FCD2-8B9806DC751A}.Release|Any CPU.ActiveCfg = Release|Any CPU
		{0AD4ACC9-4E3B-E693-FCD2-8B9806DC751A}.Release|Any CPU.Build.0 = Release|Any CPU
		{A58E4732-97CE-55DF-06B7-8B8A9DB11094}.Debug|Any CPU.ActiveCfg = Debug|Any CPU
		{A58E4732-97CE-55DF-06B7-8B8A9DB11094}.Debug|Any CPU.Build.0 = Debug|Any CPU
		{A58E4732-97CE-55DF-06B7-8B8A9DB11094}.Release|Any CPU.ActiveCfg = Release|Any CPU
		{A58E4732-97CE-55DF-06B7-8B8A9DB11094}.Release|Any CPU.Build.0 = Release|Any CPU
	EndGlobalSection
	GlobalSection(SolutionProperties) = preSolution
		HideSolutionNode = FALSE
	EndGlobalSection
EndGlobal
