
Microsoft Visual Studio Solution File, Format Version 11.00
# Visual Studio 2010
Project("{FAE04EC0-301F-11D3-BF4B-00C04F79EFBC}") = "UniGLTF", "UniGLTF.csproj", "{C72BB416-B1D8-9C28-376F-DA778DE92EB6}"
EndProject
Project("{FAE04EC0-301F-11D3-BF4B-00C04F79EFBC}") = "Assembly-CSharp", "Assembly-CSharp.csproj", "{0C6491D9-6D9F-D84B-6697-011C8D0F8550}"
EndProject
Project("{FAE04EC0-301F-11D3-BF4B-00C04F79EFBC}") = "SimpleWebTransport", "SimpleWebTransport.csproj", "{3DDA60BD-6286-6A38-0892-CB9616F1E81D}"
EndProject
Project("{FAE04EC0-301F-11D3-BF4B-00C04F79EFBC}") = "Mirror.Examples", "Mirror.Examples.csproj", "{05120FAF-4FD1-C58E-1169-DFC31EA34833}"
EndProject
Project("{FAE04EC0-301F-11D3-BF4B-00C04F79EFBC}") = "VRM", "VRM.csproj", "{F15942B6-47E0-D260-D281-0607D93A8593}"
EndProject
Project("{FAE04EC0-301F-11D3-BF4B-00C04F79EFBC}") = "VRMShaders.GLTF.IO.Runtime", "VRMShaders.GLTF.IO.Runtime.csproj", "{EE11ACEB-23D9-D3A3-26C6-02BBE9954D20}"
EndProject
Project("{FAE04EC0-301F-11D3-BF4B-00C04F79EFBC}") = "Mirror", "Mirror.csproj", "{9F332A11-C760-455C-BF93-84DA2E0A38F0}"
EndProject
Project("{FAE04EC0-301F-11D3-BF4B-00C04F79EFBC}") = "Mirror.Components", "Mirror.Components.csproj", "{2222E2CA-0FFE-0D78-0245-A1A20821D3C0}"
EndProject
Project("{FAE04EC0-301F-11D3-BF4B-00C04F79EFBC}") = "VRMShaders.VRM10.MToon10.Runtime", "VRMShaders.VRM10.MToon10.Runtime.csproj", "{32D8AB8D-AB3E-DBFE-BC25-F59A56599791}"
EndProject
Project("{FAE04EC0-301F-11D3-BF4B-00C04F79EFBC}") = "LRM", "LRM.csproj", "{565A426F-35F2-E573-CE41-3759FF408621}"
EndProject
Project("{FAE04EC0-301F-11D3-BF4B-00C04F79EFBC}") = "Telepathy", "Telepathy.csproj", "{89470D06-BE4B-3154-C76D-179FA496FB49}"
EndProject
Project("{FAE04EC0-301F-11D3-BF4B-00C04F79EFBC}") = "UniHumanoid", "UniHumanoid.csproj", "{503825EC-CAD7-4B2D-9722-77A77DBE8493}"
EndProject
Project("{FAE04EC0-301F-11D3-BF4B-00C04F79EFBC}") = "FastSpringBone", "FastSpringBone.csproj", "{83BB7564-B7AA-8A5A-D6FA-8C8F9F54D62A}"
EndProject
Project("{FAE04EC0-301F-11D3-BF4B-00C04F79EFBC}") = "VRMShaders.GLTF.UniUnlit.Runtime", "VRMShaders.GLTF.UniUnlit.Runtime.csproj", "{4DF0E388-72C5-7ECD-7694-1D8A2F10D836}"
EndProject
Project("{FAE04EC0-301F-11D3-BF4B-00C04F79EFBC}") = "MToon", "MToon.csproj", "{A243F52E-3E88-425E-4EF7-F1FADA90BC7F}"
EndProject
Project("{FAE04EC0-301F-11D3-BF4B-00C04F79EFBC}") = "kcp2k", "kcp2k.csproj", "{B84A3B27-3742-5922-74F6-368C18FCDAC8}"
EndProject
Project("{FAE04EC0-301F-11D3-BF4B-00C04F79EFBC}") = "where-allocations", "where-allocations.csproj", "{AF9BB763-8E28-8FB8-6F23-6D3AD34D2BCA}"
EndProject
Project("{FAE04EC0-301F-11D3-BF4B-00C04F79EFBC}") = "DOTween.Modules", "DOTween.Modules.csproj", "{A778565F-B544-3EF3-5E7E-B342E17A3008}"
EndProject
Project("{FAE04EC0-301F-11D3-BF4B-00C04F79EFBC}") = "VRMShaders.VRM10.Format.Runtime", "VRMShaders.VRM10.Format.Runtime.csproj", "{E47D6C86-8B99-01B6-FFC0-DFEA0A466A97}"
EndProject
Project("{FAE04EC0-301F-11D3-BF4B-00C04F79EFBC}") = "UniGLTF.Samples.ScreenSpace", "UniGLTF.Samples.ScreenSpace.csproj", "{8AC8F9C2-A687-322B-BD42-53AF1F6D21C2}"
EndProject
Project("{FAE04EC0-301F-11D3-BF4B-00C04F79EFBC}") = "Mirror.Authenticators", "Mirror.Authenticators.csproj", "{F538D331-1590-CA69-19E0-20D2AE929F86}"
EndProject
Project("{FAE04EC0-301F-11D3-BF4B-00C04F79EFBC}") = "VRMShaders.VRM.IO.Runtime", "VRMShaders.VRM.IO.Runtime.csproj", "{15B24F45-DBD9-FE8C-CAEE-E96F99533D04}"
EndProject
Project("{FAE04EC0-301F-11D3-BF4B-00C04F79EFBC}") = "VRMShaders.GLTF.IO.Tests", "VRMShaders.GLTF.IO.Tests.csproj", "{0325F7B5-33CE-99B6-0F34-A4F7FD10FADA}"
EndProject
Project("{FAE04EC0-301F-11D3-BF4B-00C04F79EFBC}") = "UniGLTF.Tests", "UniGLTF.Tests.csproj", "{3356FE93-DD55-5FCB-CBB3-5E033E861B5E}"
EndProject
Project("{FAE04EC0-301F-11D3-BF4B-00C04F79EFBC}") = "Unity.Mirror.CodeGen", "Unity.Mirror.CodeGen.csproj", "{E8F662AD-E4A2-FC53-9569-B84BA5B6FDCC}"
EndProject
Project("{FAE04EC0-301F-11D3-BF4B-00C04F79EFBC}") = "Assembly-CSharp-Editor", "Assembly-CSharp-Editor.csproj", "{989CADEE-01E7-67AA-E9A0-03AE6FB6CBD4}"
EndProject
Project("{FAE04EC0-301F-11D3-BF4B-00C04F79EFBC}") = "UniVRM.Editor", "UniVRM.Editor.csproj", "{BA90970E-E564-7B7F-6D25-B2C9C1BDCF7E}"
EndProject
Project("{FAE04EC0-301F-11D3-BF4B-00C04F79EFBC}") = "VRMShaders.GLTF.UniUnlit.Editor", "VRMShaders.GLTF.UniUnlit.Editor.csproj", "{091B4536-C6B4-A7AE-9AAC-D43DC3E3A4D7}"
EndProject
Project("{FAE04EC0-301F-11D3-BF4B-00C04F79EFBC}") = "UniGLTF.Editor", "UniGLTF.Editor.csproj", "{CC697913-A33B-6AB0-83B3-DDA5517A239A}"
EndProject
Project("{FAE04EC0-301F-11D3-BF4B-00C04F79EFBC}") = "UniHumanoid.Editor", "UniHumanoid.Editor.csproj", "{B3914FC4-D397-328A-62C4-B5E521DF01EB}"
EndProject
Project("{FAE04EC0-301F-11D3-BF4B-00C04F79EFBC}") = "VRM.Tests", "VRM.Tests.csproj", "{3119FDC3-33CD-C8E8-8876-B6CBEECE98C3}"
EndProject
Project("{FAE04EC0-301F-11D3-BF4B-00C04F79EFBC}") = "Mirror.Editor", "Mirror.Editor.csproj", "{7232240C-100E-3167-6B17-5A92A0904F4F}"
EndProject
Project("{FAE04EC0-301F-11D3-BF4B-00C04F79EFBC}") = "Mirror.CompilerSymbols", "Mirror.CompilerSymbols.csproj", "{693106F7-95C7-3E13-3E22-17FD1DB30200}"
EndProject
Project("{FAE04EC0-301F-11D3-BF4B-00C04F79EFBC}") = "VRMShaders.GLTF.IO.Editor", "VRMShaders.GLTF.IO.Editor.csproj", "{DBEFCD1A-F30F-37C9-8C33-A71FE58DCDC8}"
EndProject
Project("{FAE04EC0-301F-11D3-BF4B-00C04F79EFBC}") = "VRMShaders.VRM10.MToon10.Editor", "VRMShaders.VRM10.MToon10.Editor.csproj", "{A86A623B-8F99-7367-30AF-0B0682BEA763}"
EndProject
Project("{FAE04EC0-301F-11D3-BF4B-00C04F79EFBC}") = "MToon.Editor", "MToon.Editor.csproj", "{7A06525A-9321-9722-1776-F1C4C8F72226}"
EndProject
Project("{FAE04EC0-301F-11D3-BF4B-00C04F79EFBC}") = "VRMShaders.VRM10.MToon10.Tests", "VRMShaders.VRM10.MToon10.Tests.csproj", "{C34800A1-5080-4EE6-AFF7-CD9DEB98CC83}"
EndProject
Project("{FAE04EC0-301F-11D3-BF4B-00C04F79EFBC}") = "UniHumanoid.Editor.Tests", "UniHumanoid.Editor.Tests.csproj", "{D3732E62-0158-ACCE-4069-85841EE4E68C}"
EndProject
Project("{FAE04EC0-301F-11D3-BF4B-00C04F79EFBC}") = "VRM.Samples.Editor.Tests", "VRM.Samples.Editor.Tests.csproj", "{868790B3-D78B-D9A1-F4E9-782DC1654DC7}"
EndProject
Global
	GlobalSection(SolutionConfigurationPlatforms) = preSolution
		Debug|Any CPU = Debug|Any CPU
		Release|Any CPU = Release|Any CPU
	EndGlobalSection
	GlobalSection(ProjectConfigurationPlatforms) = postSolution
		{C72BB416-B1D8-9C28-376F-DA778DE92EB6}.Debug|Any CPU.ActiveCfg = Debug|Any CPU
		{C72BB416-B1D8-9C28-376F-DA778DE92EB6}.Debug|Any CPU.Build.0 = Debug|Any CPU
		{C72BB416-B1D8-9C28-376F-DA778DE92EB6}.Release|Any CPU.ActiveCfg = Release|Any CPU
		{C72BB416-B1D8-9C28-376F-DA778DE92EB6}.Release|Any CPU.Build.0 = Release|Any CPU
		{0C6491D9-6D9F-D84B-6697-011C8D0F8550}.Debug|Any CPU.ActiveCfg = Debug|Any CPU
		{0C6491D9-6D9F-D84B-6697-011C8D0F8550}.Debug|Any CPU.Build.0 = Debug|Any CPU
		{0C6491D9-6D9F-D84B-6697-011C8D0F8550}.Release|Any CPU.ActiveCfg = Release|Any CPU
		{0C6491D9-6D9F-D84B-6697-011C8D0F8550}.Release|Any CPU.Build.0 = Release|Any CPU
		{3DDA60BD-6286-6A38-0892-CB9616F1E81D}.Debug|Any CPU.ActiveCfg = Debug|Any CPU
		{3DDA60BD-6286-6A38-0892-CB9616F1E81D}.Debug|Any CPU.Build.0 = Debug|Any CPU
		{3DDA60BD-6286-6A38-0892-CB9616F1E81D}.Release|Any CPU.ActiveCfg = Release|Any CPU
		{3DDA60BD-6286-6A38-0892-CB9616F1E81D}.Release|Any CPU.Build.0 = Release|Any CPU
		{05120FAF-4FD1-C58E-1169-DFC31EA34833}.Debug|Any CPU.ActiveCfg = Debug|Any CPU
		{05120FAF-4FD1-C58E-1169-DFC31EA34833}.Debug|Any CPU.Build.0 = Debug|Any CPU
		{05120FAF-4FD1-C58E-1169-DFC31EA34833}.Release|Any CPU.ActiveCfg = Release|Any CPU
		{05120FAF-4FD1-C58E-1169-DFC31EA34833}.Release|Any CPU.Build.0 = Release|Any CPU
		{F15942B6-47E0-D260-D281-0607D93A8593}.Debug|Any CPU.ActiveCfg = Debug|Any CPU
		{F15942B6-47E0-D260-D281-0607D93A8593}.Debug|Any CPU.Build.0 = Debug|Any CPU
		{F15942B6-47E0-D260-D281-0607D93A8593}.Release|Any CPU.ActiveCfg = Release|Any CPU
		{F15942B6-47E0-D260-D281-0607D93A8593}.Release|Any CPU.Build.0 = Release|Any CPU
		{EE11ACEB-23D9-D3A3-26C6-02BBE9954D20}.Debug|Any CPU.ActiveCfg = Debug|Any CPU
		{EE11ACEB-23D9-D3A3-26C6-02BBE9954D20}.Debug|Any CPU.Build.0 = Debug|Any CPU
		{EE11ACEB-23D9-D3A3-26C6-02BBE9954D20}.Release|Any CPU.ActiveCfg = Release|Any CPU
		{EE11ACEB-23D9-D3A3-26C6-02BBE9954D20}.Release|Any CPU.Build.0 = Release|Any CPU
		{9F332A11-C760-455C-BF93-84DA2E0A38F0}.Debug|Any CPU.ActiveCfg = Debug|Any CPU
		{9F332A11-C760-455C-BF93-84DA2E0A38F0}.Debug|Any CPU.Build.0 = Debug|Any CPU
		{9F332A11-C760-455C-BF93-84DA2E0A38F0}.Release|Any CPU.ActiveCfg = Release|Any CPU
		{9F332A11-C760-455C-BF93-84DA2E0A38F0}.Release|Any CPU.Build.0 = Release|Any CPU
		{2222E2CA-0FFE-0D78-0245-A1A20821D3C0}.Debug|Any CPU.ActiveCfg = Debug|Any CPU
		{2222E2CA-0FFE-0D78-0245-A1A20821D3C0}.Debug|Any CPU.Build.0 = Debug|Any CPU
		{2222E2CA-0FFE-0D78-0245-A1A20821D3C0}.Release|Any CPU.ActiveCfg = Release|Any CPU
		{2222E2CA-0FFE-0D78-0245-A1A20821D3C0}.Release|Any CPU.Build.0 = Release|Any CPU
		{32D8AB8D-AB3E-DBFE-BC25-F59A56599791}.Debug|Any CPU.ActiveCfg = Debug|Any CPU
		{32D8AB8D-AB3E-DBFE-BC25-F59A56599791}.Debug|Any CPU.Build.0 = Debug|Any CPU
		{32D8AB8D-AB3E-DBFE-BC25-F59A56599791}.Release|Any CPU.ActiveCfg = Release|Any CPU
		{32D8AB8D-AB3E-DBFE-BC25-F59A56599791}.Release|Any CPU.Build.0 = Release|Any CPU
		{565A426F-35F2-E573-CE41-3759FF408621}.Debug|Any CPU.ActiveCfg = Debug|Any CPU
		{565A426F-35F2-E573-CE41-3759FF408621}.Debug|Any CPU.Build.0 = Debug|Any CPU
		{565A426F-35F2-E573-CE41-3759FF408621}.Release|Any CPU.ActiveCfg = Release|Any CPU
		{565A426F-35F2-E573-CE41-3759FF408621}.Release|Any CPU.Build.0 = Release|Any CPU
		{89470D06-BE4B-3154-C76D-179FA496FB49}.Debug|Any CPU.ActiveCfg = Debug|Any CPU
		{89470D06-BE4B-3154-C76D-179FA496FB49}.Debug|Any CPU.Build.0 = Debug|Any CPU
		{89470D06-BE4B-3154-C76D-179FA496FB49}.Release|Any CPU.ActiveCfg = Release|Any CPU
		{89470D06-BE4B-3154-C76D-179FA496FB49}.Release|Any CPU.Build.0 = Release|Any CPU
		{503825EC-CAD7-4B2D-9722-77A77DBE8493}.Debug|Any CPU.ActiveCfg = Debug|Any CPU
		{503825EC-CAD7-4B2D-9722-77A77DBE8493}.Debug|Any CPU.Build.0 = Debug|Any CPU
		{503825EC-CAD7-4B2D-9722-77A77DBE8493}.Release|Any CPU.ActiveCfg = Release|Any CPU
		{503825EC-CAD7-4B2D-9722-77A77DBE8493}.Release|Any CPU.Build.0 = Release|Any CPU
		{83BB7564-B7AA-8A5A-D6FA-8C8F9F54D62A}.Debug|Any CPU.ActiveCfg = Debug|Any CPU
		{83BB7564-B7AA-8A5A-D6FA-8C8F9F54D62A}.Debug|Any CPU.Build.0 = Debug|Any CPU
		{83BB7564-B7AA-8A5A-D6FA-8C8F9F54D62A}.Release|Any CPU.ActiveCfg = Release|Any CPU
		{83BB7564-B7AA-8A5A-D6FA-8C8F9F54D62A}.Release|Any CPU.Build.0 = Release|Any CPU
		{4DF0E388-72C5-7ECD-7694-1D8A2F10D836}.Debug|Any CPU.ActiveCfg = Debug|Any CPU
		{4DF0E388-72C5-7ECD-7694-1D8A2F10D836}.Debug|Any CPU.Build.0 = Debug|Any CPU
		{4DF0E388-72C5-7ECD-7694-1D8A2F10D836}.Release|Any CPU.ActiveCfg = Release|Any CPU
		{4DF0E388-72C5-7ECD-7694-1D8A2F10D836}.Release|Any CPU.Build.0 = Release|Any CPU
		{A243F52E-3E88-425E-4EF7-F1FADA90BC7F}.Debug|Any CPU.ActiveCfg = Debug|Any CPU
		{A243F52E-3E88-425E-4EF7-F1FADA90BC7F}.Debug|Any CPU.Build.0 = Debug|Any CPU
		{A243F52E-3E88-425E-4EF7-F1FADA90BC7F}.Release|Any CPU.ActiveCfg = Release|Any CPU
		{A243F52E-3E88-425E-4EF7-F1FADA90BC7F}.Release|Any CPU.Build.0 = Release|Any CPU
		{B84A3B27-3742-5922-74F6-368C18FCDAC8}.Debug|Any CPU.ActiveCfg = Debug|Any CPU
		{B84A3B27-3742-5922-74F6-368C18FCDAC8}.Debug|Any CPU.Build.0 = Debug|Any CPU
		{B84A3B27-3742-5922-74F6-368C18FCDAC8}.Release|Any CPU.ActiveCfg = Release|Any CPU
		{B84A3B27-3742-5922-74F6-368C18FCDAC8}.Release|Any CPU.Build.0 = Release|Any CPU
		{AF9BB763-8E28-8FB8-6F23-6D3AD34D2BCA}.Debug|Any CPU.ActiveCfg = Debug|Any CPU
		{AF9BB763-8E28-8FB8-6F23-6D3AD34D2BCA}.Debug|Any CPU.Build.0 = Debug|Any CPU
		{AF9BB763-8E28-8FB8-6F23-6D3AD34D2BCA}.Release|Any CPU.ActiveCfg = Release|Any CPU
		{AF9BB763-8E28-8FB8-6F23-6D3AD34D2BCA}.Release|Any CPU.Build.0 = Release|Any CPU
		{A778565F-B544-3EF3-5E7E-B342E17A3008}.Debug|Any CPU.ActiveCfg = Debug|Any CPU
		{A778565F-B544-3EF3-5E7E-B342E17A3008}.Debug|Any CPU.Build.0 = Debug|Any CPU
		{A778565F-B544-3EF3-5E7E-B342E17A3008}.Release|Any CPU.ActiveCfg = Release|Any CPU
		{A778565F-B544-3EF3-5E7E-B342E17A3008}.Release|Any CPU.Build.0 = Release|Any CPU
		{E47D6C86-8B99-01B6-FFC0-DFEA0A466A97}.Debug|Any CPU.ActiveCfg = Debug|Any CPU
		{E47D6C86-8B99-01B6-FFC0-DFEA0A466A97}.Debug|Any CPU.Build.0 = Debug|Any CPU
		{E47D6C86-8B99-01B6-FFC0-DFEA0A466A97}.Release|Any CPU.ActiveCfg = Release|Any CPU
		{E47D6C86-8B99-01B6-FFC0-DFEA0A466A97}.Release|Any CPU.Build.0 = Release|Any CPU
		{8AC8F9C2-A687-322B-BD42-53AF1F6D21C2}.Debug|Any CPU.ActiveCfg = Debug|Any CPU
		{8AC8F9C2-A687-322B-BD42-53AF1F6D21C2}.Debug|Any CPU.Build.0 = Debug|Any CPU
		{8AC8F9C2-A687-322B-BD42-53AF1F6D21C2}.Release|Any CPU.ActiveCfg = Release|Any CPU
		{8AC8F9C2-A687-322B-BD42-53AF1F6D21C2}.Release|Any CPU.Build.0 = Release|Any CPU
		{F538D331-1590-CA69-19E0-20D2AE929F86}.Debug|Any CPU.ActiveCfg = Debug|Any CPU
		{F538D331-1590-CA69-19E0-20D2AE929F86}.Debug|Any CPU.Build.0 = Debug|Any CPU
		{F538D331-1590-CA69-19E0-20D2AE929F86}.Release|Any CPU.ActiveCfg = Release|Any CPU
		{F538D331-1590-CA69-19E0-20D2AE929F86}.Release|Any CPU.Build.0 = Release|Any CPU
		{15B24F45-DBD9-FE8C-CAEE-E96F99533D04}.Debug|Any CPU.ActiveCfg = Debug|Any CPU
		{15B24F45-DBD9-FE8C-CAEE-E96F99533D04}.Debug|Any CPU.Build.0 = Debug|Any CPU
		{15B24F45-DBD9-FE8C-CAEE-E96F99533D04}.Release|Any CPU.ActiveCfg = Release|Any CPU
		{15B24F45-DBD9-FE8C-CAEE-E96F99533D04}.Release|Any CPU.Build.0 = Release|Any CPU
		{0325F7B5-33CE-99B6-0F34-A4F7FD10FADA}.Debug|Any CPU.ActiveCfg = Debug|Any CPU
		{0325F7B5-33CE-99B6-0F34-A4F7FD10FADA}.Debug|Any CPU.Build.0 = Debug|Any CPU
		{0325F7B5-33CE-99B6-0F34-A4F7FD10FADA}.Release|Any CPU.ActiveCfg = Release|Any CPU
		{0325F7B5-33CE-99B6-0F34-A4F7FD10FADA}.Release|Any CPU.Build.0 = Release|Any CPU
		{3356FE93-DD55-5FCB-CBB3-5E033E861B5E}.Debug|Any CPU.ActiveCfg = Debug|Any CPU
		{3356FE93-DD55-5FCB-CBB3-5E033E861B5E}.Debug|Any CPU.Build.0 = Debug|Any CPU
		{3356FE93-DD55-5FCB-CBB3-5E033E861B5E}.Release|Any CPU.ActiveCfg = Release|Any CPU
		{3356FE93-DD55-5FCB-CBB3-5E033E861B5E}.Release|Any CPU.Build.0 = Release|Any CPU
		{E8F662AD-E4A2-FC53-9569-B84BA5B6FDCC}.Debug|Any CPU.ActiveCfg = Debug|Any CPU
		{E8F662AD-E4A2-FC53-9569-B84BA5B6FDCC}.Debug|Any CPU.Build.0 = Debug|Any CPU
		{E8F662AD-E4A2-FC53-9569-B84BA5B6FDCC}.Release|Any CPU.ActiveCfg = Release|Any CPU
		{E8F662AD-E4A2-FC53-9569-B84BA5B6FDCC}.Release|Any CPU.Build.0 = Release|Any CPU
		{989CADEE-01E7-67AA-E9A0-03AE6FB6CBD4}.Debug|Any CPU.ActiveCfg = Debug|Any CPU
		{989CADEE-01E7-67AA-E9A0-03AE6FB6CBD4}.Debug|Any CPU.Build.0 = Debug|Any CPU
		{989CADEE-01E7-67AA-E9A0-03AE6FB6CBD4}.Release|Any CPU.ActiveCfg = Release|Any CPU
		{989CADEE-01E7-67AA-E9A0-03AE6FB6CBD4}.Release|Any CPU.Build.0 = Release|Any CPU
		{BA90970E-E564-7B7F-6D25-B2C9C1BDCF7E}.Debug|Any CPU.ActiveCfg = Debug|Any CPU
		{BA90970E-E564-7B7F-6D25-B2C9C1BDCF7E}.Debug|Any CPU.Build.0 = Debug|Any CPU
		{BA90970E-E564-7B7F-6D25-B2C9C1BDCF7E}.Release|Any CPU.ActiveCfg = Release|Any CPU
		{BA90970E-E564-7B7F-6D25-B2C9C1BDCF7E}.Release|Any CPU.Build.0 = Release|Any CPU
		{091B4536-C6B4-A7AE-9AAC-D43DC3E3A4D7}.Debug|Any CPU.ActiveCfg = Debug|Any CPU
		{091B4536-C6B4-A7AE-9AAC-D43DC3E3A4D7}.Debug|Any CPU.Build.0 = Debug|Any CPU
		{091B4536-C6B4-A7AE-9AAC-D43DC3E3A4D7}.Release|Any CPU.ActiveCfg = Release|Any CPU
		{091B4536-C6B4-A7AE-9AAC-D43DC3E3A4D7}.Release|Any CPU.Build.0 = Release|Any CPU
		{CC697913-A33B-6AB0-83B3-DDA5517A239A}.Debug|Any CPU.ActiveCfg = Debug|Any CPU
		{CC697913-A33B-6AB0-83B3-DDA5517A239A}.Debug|Any CPU.Build.0 = Debug|Any CPU
		{CC697913-A33B-6AB0-83B3-DDA5517A239A}.Release|Any CPU.ActiveCfg = Release|Any CPU
		{CC697913-A33B-6AB0-83B3-DDA5517A239A}.Release|Any CPU.Build.0 = Release|Any CPU
		{B3914FC4-D397-328A-62C4-B5E521DF01EB}.Debug|Any CPU.ActiveCfg = Debug|Any CPU
		{B3914FC4-D397-328A-62C4-B5E521DF01EB}.Debug|Any CPU.Build.0 = Debug|Any CPU
		{B3914FC4-D397-328A-62C4-B5E521DF01EB}.Release|Any CPU.ActiveCfg = Release|Any CPU
		{B3914FC4-D397-328A-62C4-B5E521DF01EB}.Release|Any CPU.Build.0 = Release|Any CPU
		{3119FDC3-33CD-C8E8-8876-B6CBEECE98C3}.Debug|Any CPU.ActiveCfg = Debug|Any CPU
		{3119FDC3-33CD-C8E8-8876-B6CBEECE98C3}.Debug|Any CPU.Build.0 = Debug|Any CPU
		{3119FDC3-33CD-C8E8-8876-B6CBEECE98C3}.Release|Any CPU.ActiveCfg = Release|Any CPU
		{3119FDC3-33CD-C8E8-8876-B6CBEECE98C3}.Release|Any CPU.Build.0 = Release|Any CPU
		{7232240C-100E-3167-6B17-5A92A0904F4F}.Debug|Any CPU.ActiveCfg = Debug|Any CPU
		{7232240C-100E-3167-6B17-5A92A0904F4F}.Debug|Any CPU.Build.0 = Debug|Any CPU
		{7232240C-100E-3167-6B17-5A92A0904F4F}.Release|Any CPU.ActiveCfg = Release|Any CPU
		{7232240C-100E-3167-6B17-5A92A0904F4F}.Release|Any CPU.Build.0 = Release|Any CPU
		{693106F7-95C7-3E13-3E22-17FD1DB30200}.Debug|Any CPU.ActiveCfg = Debug|Any CPU
		{693106F7-95C7-3E13-3E22-17FD1DB30200}.Debug|Any CPU.Build.0 = Debug|Any CPU
		{693106F7-95C7-3E13-3E22-17FD1DB30200}.Release|Any CPU.ActiveCfg = Release|Any CPU
		{693106F7-95C7-3E13-3E22-17FD1DB30200}.Release|Any CPU.Build.0 = Release|Any CPU
		{DBEFCD1A-F30F-37C9-8C33-A71FE58DCDC8}.Debug|Any CPU.ActiveCfg = Debug|Any CPU
		{DBEFCD1A-F30F-37C9-8C33-A71FE58DCDC8}.Debug|Any CPU.Build.0 = Debug|Any CPU
		{DBEFCD1A-F30F-37C9-8C33-A71FE58DCDC8}.Release|Any CPU.ActiveCfg = Release|Any CPU
		{DBEFCD1A-F30F-37C9-8C33-A71FE58DCDC8}.Release|Any CPU.Build.0 = Release|Any CPU
		{A86A623B-8F99-7367-30AF-0B0682BEA763}.Debug|Any CPU.ActiveCfg = Debug|Any CPU
		{A86A623B-8F99-7367-30AF-0B0682BEA763}.Debug|Any CPU.Build.0 = Debug|Any CPU
		{A86A623B-8F99-7367-30AF-0B0682BEA763}.Release|Any CPU.ActiveCfg = Release|Any CPU
		{A86A623B-8F99-7367-30AF-0B0682BEA763}.Release|Any CPU.Build.0 = Release|Any CPU
		{7A06525A-9321-9722-1776-F1C4C8F72226}.Debug|Any CPU.ActiveCfg = Debug|Any CPU
		{7A06525A-9321-9722-1776-F1C4C8F72226}.Debug|Any CPU.Build.0 = Debug|Any CPU
		{7A06525A-9321-9722-1776-F1C4C8F72226}.Release|Any CPU.ActiveCfg = Release|Any CPU
		{7A06525A-9321-9722-1776-F1C4C8F72226}.Release|Any CPU.Build.0 = Release|Any CPU
		{C34800A1-5080-4EE6-AFF7-CD9DEB98CC83}.Debug|Any CPU.ActiveCfg = Debug|Any CPU
		{C34800A1-5080-4EE6-AFF7-CD9DEB98CC83}.Debug|Any CPU.Build.0 = Debug|Any CPU
		{C34800A1-5080-4EE6-AFF7-CD9DEB98CC83}.Release|Any CPU.ActiveCfg = Release|Any CPU
		{C34800A1-5080-4EE6-AFF7-CD9DEB98CC83}.Release|Any CPU.Build.0 = Release|Any CPU
		{D3732E62-0158-ACCE-4069-85841EE4E68C}.Debug|Any CPU.ActiveCfg = Debug|Any CPU
		{D3732E62-0158-ACCE-4069-85841EE4E68C}.Debug|Any CPU.Build.0 = Debug|Any CPU
		{D3732E62-0158-ACCE-4069-85841EE4E68C}.Release|Any CPU.ActiveCfg = Release|Any CPU
		{D3732E62-0158-ACCE-4069-85841EE4E68C}.Release|Any CPU.Build.0 = Release|Any CPU
		{868790B3-D78B-D9A1-F4E9-782DC1654DC7}.Debug|Any CPU.ActiveCfg = Debug|Any CPU
		{868790B3-D78B-D9A1-F4E9-782DC1654DC7}.Debug|Any CPU.Build.0 = Debug|Any CPU
		{868790B3-D78B-D9A1-F4E9-782DC1654DC7}.Release|Any CPU.ActiveCfg = Release|Any CPU
		{868790B3-D78B-D9A1-F4E9-782DC1654DC7}.Release|Any CPU.Build.0 = Release|Any CPU
	EndGlobalSection
	GlobalSection(SolutionProperties) = preSolution
		HideSolutionNode = FALSE
	EndGlobalSection
EndGlobal
