
Microsoft Visual Studio Solution File, Format Version 12.00
# Visual Studio 15
Project("{FAE04EC0-301F-11D3-BF4B-00C04F79EFBC}") = "UniGLTF", "UniGLTF.csproj", "{D0DBAC02-88DC-ABA5-8F4E-391087D1BB52}"
EndProject
Project("{FAE04EC0-301F-11D3-BF4B-00C04F79EFBC}") = "Assembly-CSharp", "Assembly-CSharp.csproj", "{3EE74A4F-BCED-EAD0-CF60-A8DC6E097CF3}"
EndProject
Project("{FAE04EC0-301F-11D3-BF4B-00C04F79EFBC}") = "SimpleWebTransport", "SimpleWebTransport.csproj", "{428F7E8F-DE7D-196D-8049-D63E15D4565F}"
EndProject
Project("{FAE04EC0-301F-11D3-BF4B-00C04F79EFBC}") = "Mirror.Examples", "Mirror.Examples.csproj", "{2805C659-EA84-340F-FD47-CBB4EC50841D}"
EndProject
Project("{FAE04EC0-301F-11D3-BF4B-00C04F79EFBC}") = "VRM", "VRM.csproj", "{CA3FEAFD-3DB5-7B4E-E4B3-1ED15E49722D}"
EndProject
Project("{FAE04EC0-301F-11D3-BF4B-00C04F79EFBC}") = "VRMShaders.GLTF.IO.Runtime", "VRMShaders.GLTF.IO.Runtime.csproj", "{E88033BD-7087-A908-A055-3FB9D05D26FC}"
EndProject
Project("{FAE04EC0-301F-11D3-BF4B-00C04F79EFBC}") = "Mirror", "Mirror.csproj", "{D298D46F-2840-D6AA-6AFA-D29CF10B3CB8}"
EndProject
Project("{FAE04EC0-301F-11D3-BF4B-00C04F79EFBC}") = "Mirror.Components", "Mirror.Components.csproj", "{7A600BA9-72EC-9C7E-A0E8-7F0013515961}"
EndProject
Project("{FAE04EC0-301F-11D3-BF4B-00C04F79EFBC}") = "VRMShaders.VRM10.MToon10.Runtime", "VRMShaders.VRM10.MToon10.Runtime.csproj", "{6BCA7E85-DE81-B6F8-696A-A2E8266C6B7F}"
EndProject
Project("{FAE04EC0-301F-11D3-BF4B-00C04F79EFBC}") = "LRM", "LRM.csproj", "{AB8675E3-77D8-8DEF-7E80-8A46B4DE86C4}"
EndProject
Project("{FAE04EC0-301F-11D3-BF4B-00C04F79EFBC}") = "Telepathy", "Telepathy.csproj", "{2B5CCDA9-D8A5-258D-2D5F-FC516F3DB53E}"
EndProject
Project("{FAE04EC0-301F-11D3-BF4B-00C04F79EFBC}") = "UniHumanoid", "UniHumanoid.csproj", "{3F17E075-6A86-24D2-E34B-D37810693039}"
EndProject
Project("{FAE04EC0-301F-11D3-BF4B-00C04F79EFBC}") = "FastSpringBone", "FastSpringBone.csproj", "{12414D61-3628-47CA-95A6-2B2ACB501B47}"
EndProject
Project("{FAE04EC0-301F-11D3-BF4B-00C04F79EFBC}") = "VRMShaders.GLTF.UniUnlit.Runtime", "VRMShaders.GLTF.UniUnlit.Runtime.csproj", "{E5E2A757-1AEF-6598-3BC5-B2263EE921A6}"
EndProject
Project("{FAE04EC0-301F-11D3-BF4B-00C04F79EFBC}") = "MToon", "MToon.csproj", "{BB2011C5-D2A3-3346-2003-DEA01FA5031E}"
EndProject
Project("{FAE04EC0-301F-11D3-BF4B-00C04F79EFBC}") = "kcp2k", "kcp2k.csproj", "{20D90DEA-951C-C7BB-3345-CC6F960D473F}"
EndProject
Project("{FAE04EC0-301F-11D3-BF4B-00C04F79EFBC}") = "where-allocations", "where-allocations.csproj", "{9352C32B-4417-0DAF-0124-0AA10314509B}"
EndProject
Project("{FAE04EC0-301F-11D3-BF4B-00C04F79EFBC}") = "DOTween.Modules", "DOTween.Modules.csproj", "{73FCCEE3-F8BB-BE0B-587C-37E94DD79927}"
EndProject
Project("{FAE04EC0-301F-11D3-BF4B-00C04F79EFBC}") = "VRMShaders.VRM10.Format.Runtime", "VRMShaders.VRM10.Format.Runtime.csproj", "{3AF8FD4E-D729-0987-C247-2EDB624B48CB}"
EndProject
Project("{FAE04EC0-301F-11D3-BF4B-00C04F79EFBC}") = "UniGLTF.Samples.ScreenSpace", "UniGLTF.Samples.ScreenSpace.csproj", "{E1604F6F-466A-6332-A6BD-CC5DE827FF53}"
EndProject
Project("{FAE04EC0-301F-11D3-BF4B-00C04F79EFBC}") = "Mirror.Authenticators", "Mirror.Authenticators.csproj", "{73DC5C0C-6BF1-DF3B-6094-25E3AB6575B7}"
EndProject
Project("{FAE04EC0-301F-11D3-BF4B-00C04F79EFBC}") = "VRMShaders.VRM.IO.Runtime", "VRMShaders.VRM.IO.Runtime.csproj", "{5CBAF2D9-172E-3DCD-E12F-9695F0626B48}"
EndProject
Project("{FAE04EC0-301F-11D3-BF4B-00C04F79EFBC}") = "VRMShaders.GLTF.IO.Tests", "VRMShaders.GLTF.IO.Tests.csproj", "{BE2AB630-B3E6-C0EA-EEF1-9E23ABAAEDF1}"
EndProject
Project("{FAE04EC0-301F-11D3-BF4B-00C04F79EFBC}") = "UniGLTF.Tests", "UniGLTF.Tests.csproj", "{4147089F-D690-964D-25B7-C27D5BB39B0F}"
EndProject
Project("{FAE04EC0-301F-11D3-BF4B-00C04F79EFBC}") = "Unity.Mirror.CodeGen", "Unity.Mirror.CodeGen.csproj", "{843612FC-4D8B-E15C-DB43-3C15C705421D}"
EndProject
Project("{FAE04EC0-301F-11D3-BF4B-00C04F79EFBC}") = "Assembly-CSharp-Editor", "Assembly-CSharp-Editor.csproj", "{DAE64425-5A0E-59EA-1AFE-79C81E5A9108}"
EndProject
Project("{FAE04EC0-301F-11D3-BF4B-00C04F79EFBC}") = "UniVRM.Editor", "UniVRM.Editor.csproj", "{E0BA748E-B3D4-9904-D829-5492A3388341}"
EndProject
Project("{FAE04EC0-301F-11D3-BF4B-00C04F79EFBC}") = "VRMShaders.GLTF.UniUnlit.Editor", "VRMShaders.GLTF.UniUnlit.Editor.csproj", "{A98F01E0-8F23-FA9B-62EF-EF84B31EF5AB}"
EndProject
Project("{FAE04EC0-301F-11D3-BF4B-00C04F79EFBC}") = "UniGLTF.Editor", "UniGLTF.Editor.csproj", "{E7582538-54BE-DAF4-3B6B-A34D88575A50}"
EndProject
Project("{FAE04EC0-301F-11D3-BF4B-00C04F79EFBC}") = "UniHumanoid.Editor", "UniHumanoid.Editor.csproj", "{35F6E86C-44FC-E933-FFF0-E5DF8378FA6E}"
EndProject
Project("{FAE04EC0-301F-11D3-BF4B-00C04F79EFBC}") = "VRM.Tests", "VRM.Tests.csproj", "{CD1DE2CC-545B-CCB6-BF92-F5637FD6FC4B}"
EndProject
Project("{FAE04EC0-301F-11D3-BF4B-00C04F79EFBC}") = "Mirror.Editor", "Mirror.Editor.csproj", "{3706B29A-D4FA-8196-F7AF-DF3D537B7016}"
EndProject
Project("{FAE04EC0-301F-11D3-BF4B-00C04F79EFBC}") = "Mirror.CompilerSymbols", "Mirror.CompilerSymbols.csproj", "{27D2447F-3DA6-6684-F46B-322BD95BA13E}"
EndProject
Project("{FAE04EC0-301F-11D3-BF4B-00C04F79EFBC}") = "VRMShaders.GLTF.IO.Editor", "VRMShaders.GLTF.IO.Editor.csproj", "{D707C486-6654-D928-E1C4-AF37E12A7D37}"
EndProject
Project("{FAE04EC0-301F-11D3-BF4B-00C04F79EFBC}") = "VRMShaders.VRM10.MToon10.Editor", "VRMShaders.VRM10.MToon10.Editor.csproj", "{05089D79-0F0E-9014-5CFC-47CAF15C53D3}"
EndProject
Project("{FAE04EC0-301F-11D3-BF4B-00C04F79EFBC}") = "MToon.Editor", "MToon.Editor.csproj", "{B2A1439B-385B-B7FE-0B3A-3276F7890048}"
EndProject
Project("{FAE04EC0-301F-11D3-BF4B-00C04F79EFBC}") = "VRMShaders.VRM10.MToon10.Tests", "VRMShaders.VRM10.MToon10.Tests.csproj", "{C72B4B2D-E4D1-A204-6AE8-4895D0B4F639}"
EndProject
Project("{FAE04EC0-301F-11D3-BF4B-00C04F79EFBC}") = "UniHumanoid.Editor.Tests", "UniHumanoid.Editor.Tests.csproj", "{2FF8819B-170B-BC9E-EF8E-52FD27DFED42}"
EndProject
Project("{FAE04EC0-301F-11D3-BF4B-00C04F79EFBC}") = "VRM.Samples.Editor.Tests", "VRM.Samples.Editor.Tests.csproj", "{FDC2833E-5C00-1848-F47A-267DA0B755EC}"
EndProject
Global
	GlobalSection(SolutionConfigurationPlatforms) = preSolution
		Debug|Any CPU = Debug|Any CPU
		Release|Any CPU = Release|Any CPU
	EndGlobalSection
	GlobalSection(ProjectConfigurationPlatforms) = postSolution
		{D0DBAC02-88DC-ABA5-8F4E-391087D1BB52}.Debug|Any CPU.ActiveCfg = Debug|Any CPU
		{D0DBAC02-88DC-ABA5-8F4E-391087D1BB52}.Debug|Any CPU.Build.0 = Debug|Any CPU
		{D0DBAC02-88DC-ABA5-8F4E-391087D1BB52}.Release|Any CPU.ActiveCfg = Release|Any CPU
		{D0DBAC02-88DC-ABA5-8F4E-391087D1BB52}.Release|Any CPU.Build.0 = Release|Any CPU
		{3EE74A4F-BCED-EAD0-CF60-A8DC6E097CF3}.Debug|Any CPU.ActiveCfg = Debug|Any CPU
		{3EE74A4F-BCED-EAD0-CF60-A8DC6E097CF3}.Debug|Any CPU.Build.0 = Debug|Any CPU
		{3EE74A4F-BCED-EAD0-CF60-A8DC6E097CF3}.Release|Any CPU.ActiveCfg = Release|Any CPU
		{3EE74A4F-BCED-EAD0-CF60-A8DC6E097CF3}.Release|Any CPU.Build.0 = Release|Any CPU
		{428F7E8F-DE7D-196D-8049-D63E15D4565F}.Debug|Any CPU.ActiveCfg = Debug|Any CPU
		{428F7E8F-DE7D-196D-8049-D63E15D4565F}.Debug|Any CPU.Build.0 = Debug|Any CPU
		{428F7E8F-DE7D-196D-8049-D63E15D4565F}.Release|Any CPU.ActiveCfg = Release|Any CPU
		{428F7E8F-DE7D-196D-8049-D63E15D4565F}.Release|Any CPU.Build.0 = Release|Any CPU
		{2805C659-EA84-340F-FD47-CBB4EC50841D}.Debug|Any CPU.ActiveCfg = Debug|Any CPU
		{2805C659-EA84-340F-FD47-CBB4EC50841D}.Debug|Any CPU.Build.0 = Debug|Any CPU
		{2805C659-EA84-340F-FD47-CBB4EC50841D}.Release|Any CPU.ActiveCfg = Release|Any CPU
		{2805C659-EA84-340F-FD47-CBB4EC50841D}.Release|Any CPU.Build.0 = Release|Any CPU
		{CA3FEAFD-3DB5-7B4E-E4B3-1ED15E49722D}.Debug|Any CPU.ActiveCfg = Debug|Any CPU
		{CA3FEAFD-3DB5-7B4E-E4B3-1ED15E49722D}.Debug|Any CPU.Build.0 = Debug|Any CPU
		{CA3FEAFD-3DB5-7B4E-E4B3-1ED15E49722D}.Release|Any CPU.ActiveCfg = Release|Any CPU
		{CA3FEAFD-3DB5-7B4E-E4B3-1ED15E49722D}.Release|Any CPU.Build.0 = Release|Any CPU
		{E88033BD-7087-A908-A055-3FB9D05D26FC}.Debug|Any CPU.ActiveCfg = Debug|Any CPU
		{E88033BD-7087-A908-A055-3FB9D05D26FC}.Debug|Any CPU.Build.0 = Debug|Any CPU
		{E88033BD-7087-A908-A055-3FB9D05D26FC}.Release|Any CPU.ActiveCfg = Release|Any CPU
		{E88033BD-7087-A908-A055-3FB9D05D26FC}.Release|Any CPU.Build.0 = Release|Any CPU
		{D298D46F-2840-D6AA-6AFA-D29CF10B3CB8}.Debug|Any CPU.ActiveCfg = Debug|Any CPU
		{D298D46F-2840-D6AA-6AFA-D29CF10B3CB8}.Debug|Any CPU.Build.0 = Debug|Any CPU
		{D298D46F-2840-D6AA-6AFA-D29CF10B3CB8}.Release|Any CPU.ActiveCfg = Release|Any CPU
		{D298D46F-2840-D6AA-6AFA-D29CF10B3CB8}.Release|Any CPU.Build.0 = Release|Any CPU
		{7A600BA9-72EC-9C7E-A0E8-7F0013515961}.Debug|Any CPU.ActiveCfg = Debug|Any CPU
		{7A600BA9-72EC-9C7E-A0E8-7F0013515961}.Debug|Any CPU.Build.0 = Debug|Any CPU
		{7A600BA9-72EC-9C7E-A0E8-7F0013515961}.Release|Any CPU.ActiveCfg = Release|Any CPU
		{7A600BA9-72EC-9C7E-A0E8-7F0013515961}.Release|Any CPU.Build.0 = Release|Any CPU
		{6BCA7E85-DE81-B6F8-696A-A2E8266C6B7F}.Debug|Any CPU.ActiveCfg = Debug|Any CPU
		{6BCA7E85-DE81-B6F8-696A-A2E8266C6B7F}.Debug|Any CPU.Build.0 = Debug|Any CPU
		{6BCA7E85-DE81-B6F8-696A-A2E8266C6B7F}.Release|Any CPU.ActiveCfg = Release|Any CPU
		{6BCA7E85-DE81-B6F8-696A-A2E8266C6B7F}.Release|Any CPU.Build.0 = Release|Any CPU
		{AB8675E3-77D8-8DEF-7E80-8A46B4DE86C4}.Debug|Any CPU.ActiveCfg = Debug|Any CPU
		{AB8675E3-77D8-8DEF-7E80-8A46B4DE86C4}.Debug|Any CPU.Build.0 = Debug|Any CPU
		{AB8675E3-77D8-8DEF-7E80-8A46B4DE86C4}.Release|Any CPU.ActiveCfg = Release|Any CPU
		{AB8675E3-77D8-8DEF-7E80-8A46B4DE86C4}.Release|Any CPU.Build.0 = Release|Any CPU
		{2B5CCDA9-D8A5-258D-2D5F-FC516F3DB53E}.Debug|Any CPU.ActiveCfg = Debug|Any CPU
		{2B5CCDA9-D8A5-258D-2D5F-FC516F3DB53E}.Debug|Any CPU.Build.0 = Debug|Any CPU
		{2B5CCDA9-D8A5-258D-2D5F-FC516F3DB53E}.Release|Any CPU.ActiveCfg = Release|Any CPU
		{2B5CCDA9-D8A5-258D-2D5F-FC516F3DB53E}.Release|Any CPU.Build.0 = Release|Any CPU
		{3F17E075-6A86-24D2-E34B-D37810693039}.Debug|Any CPU.ActiveCfg = Debug|Any CPU
		{3F17E075-6A86-24D2-E34B-D37810693039}.Debug|Any CPU.Build.0 = Debug|Any CPU
		{3F17E075-6A86-24D2-E34B-D37810693039}.Release|Any CPU.ActiveCfg = Release|Any CPU
		{3F17E075-6A86-24D2-E34B-D37810693039}.Release|Any CPU.Build.0 = Release|Any CPU
		{12414D61-3628-47CA-95A6-2B2ACB501B47}.Debug|Any CPU.ActiveCfg = Debug|Any CPU
		{12414D61-3628-47CA-95A6-2B2ACB501B47}.Debug|Any CPU.Build.0 = Debug|Any CPU
		{12414D61-3628-47CA-95A6-2B2ACB501B47}.Release|Any CPU.ActiveCfg = Release|Any CPU
		{12414D61-3628-47CA-95A6-2B2ACB501B47}.Release|Any CPU.Build.0 = Release|Any CPU
		{E5E2A757-1AEF-6598-3BC5-B2263EE921A6}.Debug|Any CPU.ActiveCfg = Debug|Any CPU
		{E5E2A757-1AEF-6598-3BC5-B2263EE921A6}.Debug|Any CPU.Build.0 = Debug|Any CPU
		{E5E2A757-1AEF-6598-3BC5-B2263EE921A6}.Release|Any CPU.ActiveCfg = Release|Any CPU
		{E5E2A757-1AEF-6598-3BC5-B2263EE921A6}.Release|Any CPU.Build.0 = Release|Any CPU
		{BB2011C5-D2A3-3346-2003-DEA01FA5031E}.Debug|Any CPU.ActiveCfg = Debug|Any CPU
		{BB2011C5-D2A3-3346-2003-DEA01FA5031E}.Debug|Any CPU.Build.0 = Debug|Any CPU
		{BB2011C5-D2A3-3346-2003-DEA01FA5031E}.Release|Any CPU.ActiveCfg = Release|Any CPU
		{BB2011C5-D2A3-3346-2003-DEA01FA5031E}.Release|Any CPU.Build.0 = Release|Any CPU
		{20D90DEA-951C-C7BB-3345-CC6F960D473F}.Debug|Any CPU.ActiveCfg = Debug|Any CPU
		{20D90DEA-951C-C7BB-3345-CC6F960D473F}.Debug|Any CPU.Build.0 = Debug|Any CPU
		{20D90DEA-951C-C7BB-3345-CC6F960D473F}.Release|Any CPU.ActiveCfg = Release|Any CPU
		{20D90DEA-951C-C7BB-3345-CC6F960D473F}.Release|Any CPU.Build.0 = Release|Any CPU
		{9352C32B-4417-0DAF-0124-0AA10314509B}.Debug|Any CPU.ActiveCfg = Debug|Any CPU
		{9352C32B-4417-0DAF-0124-0AA10314509B}.Debug|Any CPU.Build.0 = Debug|Any CPU
		{9352C32B-4417-0DAF-0124-0AA10314509B}.Release|Any CPU.ActiveCfg = Release|Any CPU
		{9352C32B-4417-0DAF-0124-0AA10314509B}.Release|Any CPU.Build.0 = Release|Any CPU
		{73FCCEE3-F8BB-BE0B-587C-37E94DD79927}.Debug|Any CPU.ActiveCfg = Debug|Any CPU
		{73FCCEE3-F8BB-BE0B-587C-37E94DD79927}.Debug|Any CPU.Build.0 = Debug|Any CPU
		{73FCCEE3-F8BB-BE0B-587C-37E94DD79927}.Release|Any CPU.ActiveCfg = Release|Any CPU
		{73FCCEE3-F8BB-BE0B-587C-37E94DD79927}.Release|Any CPU.Build.0 = Release|Any CPU
		{3AF8FD4E-D729-0987-C247-2EDB624B48CB}.Debug|Any CPU.ActiveCfg = Debug|Any CPU
		{3AF8FD4E-D729-0987-C247-2EDB624B48CB}.Debug|Any CPU.Build.0 = Debug|Any CPU
		{3AF8FD4E-D729-0987-C247-2EDB624B48CB}.Release|Any CPU.ActiveCfg = Release|Any CPU
		{3AF8FD4E-D729-0987-C247-2EDB624B48CB}.Release|Any CPU.Build.0 = Release|Any CPU
		{E1604F6F-466A-6332-A6BD-CC5DE827FF53}.Debug|Any CPU.ActiveCfg = Debug|Any CPU
		{E1604F6F-466A-6332-A6BD-CC5DE827FF53}.Debug|Any CPU.Build.0 = Debug|Any CPU
		{E1604F6F-466A-6332-A6BD-CC5DE827FF53}.Release|Any CPU.ActiveCfg = Release|Any CPU
		{E1604F6F-466A-6332-A6BD-CC5DE827FF53}.Release|Any CPU.Build.0 = Release|Any CPU
		{73DC5C0C-6BF1-DF3B-6094-25E3AB6575B7}.Debug|Any CPU.ActiveCfg = Debug|Any CPU
		{73DC5C0C-6BF1-DF3B-6094-25E3AB6575B7}.Debug|Any CPU.Build.0 = Debug|Any CPU
		{73DC5C0C-6BF1-DF3B-6094-25E3AB6575B7}.Release|Any CPU.ActiveCfg = Release|Any CPU
		{73DC5C0C-6BF1-DF3B-6094-25E3AB6575B7}.Release|Any CPU.Build.0 = Release|Any CPU
		{5CBAF2D9-172E-3DCD-E12F-9695F0626B48}.Debug|Any CPU.ActiveCfg = Debug|Any CPU
		{5CBAF2D9-172E-3DCD-E12F-9695F0626B48}.Debug|Any CPU.Build.0 = Debug|Any CPU
		{5CBAF2D9-172E-3DCD-E12F-9695F0626B48}.Release|Any CPU.ActiveCfg = Release|Any CPU
		{5CBAF2D9-172E-3DCD-E12F-9695F0626B48}.Release|Any CPU.Build.0 = Release|Any CPU
		{BE2AB630-B3E6-C0EA-EEF1-9E23ABAAEDF1}.Debug|Any CPU.ActiveCfg = Debug|Any CPU
		{BE2AB630-B3E6-C0EA-EEF1-9E23ABAAEDF1}.Debug|Any CPU.Build.0 = Debug|Any CPU
		{BE2AB630-B3E6-C0EA-EEF1-9E23ABAAEDF1}.Release|Any CPU.ActiveCfg = Release|Any CPU
		{BE2AB630-B3E6-C0EA-EEF1-9E23ABAAEDF1}.Release|Any CPU.Build.0 = Release|Any CPU
		{4147089F-D690-964D-25B7-C27D5BB39B0F}.Debug|Any CPU.ActiveCfg = Debug|Any CPU
		{4147089F-D690-964D-25B7-C27D5BB39B0F}.Debug|Any CPU.Build.0 = Debug|Any CPU
		{4147089F-D690-964D-25B7-C27D5BB39B0F}.Release|Any CPU.ActiveCfg = Release|Any CPU
		{4147089F-D690-964D-25B7-C27D5BB39B0F}.Release|Any CPU.Build.0 = Release|Any CPU
		{843612FC-4D8B-E15C-DB43-3C15C705421D}.Debug|Any CPU.ActiveCfg = Debug|Any CPU
		{843612FC-4D8B-E15C-DB43-3C15C705421D}.Debug|Any CPU.Build.0 = Debug|Any CPU
		{843612FC-4D8B-E15C-DB43-3C15C705421D}.Release|Any CPU.ActiveCfg = Release|Any CPU
		{843612FC-4D8B-E15C-DB43-3C15C705421D}.Release|Any CPU.Build.0 = Release|Any CPU
		{DAE64425-5A0E-59EA-1AFE-79C81E5A9108}.Debug|Any CPU.ActiveCfg = Debug|Any CPU
		{DAE64425-5A0E-59EA-1AFE-79C81E5A9108}.Debug|Any CPU.Build.0 = Debug|Any CPU
		{DAE64425-5A0E-59EA-1AFE-79C81E5A9108}.Release|Any CPU.ActiveCfg = Release|Any CPU
		{DAE64425-5A0E-59EA-1AFE-79C81E5A9108}.Release|Any CPU.Build.0 = Release|Any CPU
		{E0BA748E-B3D4-9904-D829-5492A3388341}.Debug|Any CPU.ActiveCfg = Debug|Any CPU
		{E0BA748E-B3D4-9904-D829-5492A3388341}.Debug|Any CPU.Build.0 = Debug|Any CPU
		{E0BA748E-B3D4-9904-D829-5492A3388341}.Release|Any CPU.ActiveCfg = Release|Any CPU
		{E0BA748E-B3D4-9904-D829-5492A3388341}.Release|Any CPU.Build.0 = Release|Any CPU
		{A98F01E0-8F23-FA9B-62EF-EF84B31EF5AB}.Debug|Any CPU.ActiveCfg = Debug|Any CPU
		{A98F01E0-8F23-FA9B-62EF-EF84B31EF5AB}.Debug|Any CPU.Build.0 = Debug|Any CPU
		{A98F01E0-8F23-FA9B-62EF-EF84B31EF5AB}.Release|Any CPU.ActiveCfg = Release|Any CPU
		{A98F01E0-8F23-FA9B-62EF-EF84B31EF5AB}.Release|Any CPU.Build.0 = Release|Any CPU
		{E7582538-54BE-DAF4-3B6B-A34D88575A50}.Debug|Any CPU.ActiveCfg = Debug|Any CPU
		{E7582538-54BE-DAF4-3B6B-A34D88575A50}.Debug|Any CPU.Build.0 = Debug|Any CPU
		{E7582538-54BE-DAF4-3B6B-A34D88575A50}.Release|Any CPU.ActiveCfg = Release|Any CPU
		{E7582538-54BE-DAF4-3B6B-A34D88575A50}.Release|Any CPU.Build.0 = Release|Any CPU
		{35F6E86C-44FC-E933-FFF0-E5DF8378FA6E}.Debug|Any CPU.ActiveCfg = Debug|Any CPU
		{35F6E86C-44FC-E933-FFF0-E5DF8378FA6E}.Debug|Any CPU.Build.0 = Debug|Any CPU
		{35F6E86C-44FC-E933-FFF0-E5DF8378FA6E}.Release|Any CPU.ActiveCfg = Release|Any CPU
		{35F6E86C-44FC-E933-FFF0-E5DF8378FA6E}.Release|Any CPU.Build.0 = Release|Any CPU
		{CD1DE2CC-545B-CCB6-BF92-F5637FD6FC4B}.Debug|Any CPU.ActiveCfg = Debug|Any CPU
		{CD1DE2CC-545B-CCB6-BF92-F5637FD6FC4B}.Debug|Any CPU.Build.0 = Debug|Any CPU
		{CD1DE2CC-545B-CCB6-BF92-F5637FD6FC4B}.Release|Any CPU.ActiveCfg = Release|Any CPU
		{CD1DE2CC-545B-CCB6-BF92-F5637FD6FC4B}.Release|Any CPU.Build.0 = Release|Any CPU
		{3706B29A-D4FA-8196-F7AF-DF3D537B7016}.Debug|Any CPU.ActiveCfg = Debug|Any CPU
		{3706B29A-D4FA-8196-F7AF-DF3D537B7016}.Debug|Any CPU.Build.0 = Debug|Any CPU
		{3706B29A-D4FA-8196-F7AF-DF3D537B7016}.Release|Any CPU.ActiveCfg = Release|Any CPU
		{3706B29A-D4FA-8196-F7AF-DF3D537B7016}.Release|Any CPU.Build.0 = Release|Any CPU
		{27D2447F-3DA6-6684-F46B-322BD95BA13E}.Debug|Any CPU.ActiveCfg = Debug|Any CPU
		{27D2447F-3DA6-6684-F46B-322BD95BA13E}.Debug|Any CPU.Build.0 = Debug|Any CPU
		{27D2447F-3DA6-6684-F46B-322BD95BA13E}.Release|Any CPU.ActiveCfg = Release|Any CPU
		{27D2447F-3DA6-6684-F46B-322BD95BA13E}.Release|Any CPU.Build.0 = Release|Any CPU
		{D707C486-6654-D928-E1C4-AF37E12A7D37}.Debug|Any CPU.ActiveCfg = Debug|Any CPU
		{D707C486-6654-D928-E1C4-AF37E12A7D37}.Debug|Any CPU.Build.0 = Debug|Any CPU
		{D707C486-6654-D928-E1C4-AF37E12A7D37}.Release|Any CPU.ActiveCfg = Release|Any CPU
		{D707C486-6654-D928-E1C4-AF37E12A7D37}.Release|Any CPU.Build.0 = Release|Any CPU
		{05089D79-0F0E-9014-5CFC-47CAF15C53D3}.Debug|Any CPU.ActiveCfg = Debug|Any CPU
		{05089D79-0F0E-9014-5CFC-47CAF15C53D3}.Debug|Any CPU.Build.0 = Debug|Any CPU
		{05089D79-0F0E-9014-5CFC-47CAF15C53D3}.Release|Any CPU.ActiveCfg = Release|Any CPU
		{05089D79-0F0E-9014-5CFC-47CAF15C53D3}.Release|Any CPU.Build.0 = Release|Any CPU
		{B2A1439B-385B-B7FE-0B3A-3276F7890048}.Debug|Any CPU.ActiveCfg = Debug|Any CPU
		{B2A1439B-385B-B7FE-0B3A-3276F7890048}.Debug|Any CPU.Build.0 = Debug|Any CPU
		{B2A1439B-385B-B7FE-0B3A-3276F7890048}.Release|Any CPU.ActiveCfg = Release|Any CPU
		{B2A1439B-385B-B7FE-0B3A-3276F7890048}.Release|Any CPU.Build.0 = Release|Any CPU
		{C72B4B2D-E4D1-A204-6AE8-4895D0B4F639}.Debug|Any CPU.ActiveCfg = Debug|Any CPU
		{C72B4B2D-E4D1-A204-6AE8-4895D0B4F639}.Debug|Any CPU.Build.0 = Debug|Any CPU
		{C72B4B2D-E4D1-A204-6AE8-4895D0B4F639}.Release|Any CPU.ActiveCfg = Release|Any CPU
		{C72B4B2D-E4D1-A204-6AE8-4895D0B4F639}.Release|Any CPU.Build.0 = Release|Any CPU
		{2FF8819B-170B-BC9E-EF8E-52FD27DFED42}.Debug|Any CPU.ActiveCfg = Debug|Any CPU
		{2FF8819B-170B-BC9E-EF8E-52FD27DFED42}.Debug|Any CPU.Build.0 = Debug|Any CPU
		{2FF8819B-170B-BC9E-EF8E-52FD27DFED42}.Release|Any CPU.ActiveCfg = Release|Any CPU
		{2FF8819B-170B-BC9E-EF8E-52FD27DFED42}.Release|Any CPU.Build.0 = Release|Any CPU
		{FDC2833E-5C00-1848-F47A-267DA0B755EC}.Debug|Any CPU.ActiveCfg = Debug|Any CPU
		{FDC2833E-5C00-1848-F47A-267DA0B755EC}.Debug|Any CPU.Build.0 = Debug|Any CPU
		{FDC2833E-5C00-1848-F47A-267DA0B755EC}.Release|Any CPU.ActiveCfg = Release|Any CPU
		{FDC2833E-5C00-1848-F47A-267DA0B755EC}.Release|Any CPU.Build.0 = Release|Any CPU
	EndGlobalSection
	GlobalSection(SolutionProperties) = preSolution
		HideSolutionNode = FALSE
	EndGlobalSection
EndGlobal
