
Microsoft Visual Studio Solution File, Format Version 12.00
# Visual Studio 15
Project("{FAE04EC0-301F-11D3-BF4B-00C04F79EFBC}") = "UnityEngine.UI", "UnityEngine.UI.csproj", "{D4D9B07A-2EC5-AECB-50A8-A472C1289B88}"
EndProject
Project("{FAE04EC0-301F-11D3-BF4B-00C04F79EFBC}") = "Unity.RenderPipelines.Core.Runtime", "Unity.RenderPipelines.Core.Runtime.csproj", "{05FD4D19-741F-31E5-A584-E82971BB04E3}"
EndProject
Project("{FAE04EC0-301F-11D3-BF4B-00C04F79EFBC}") = "UnityEngine.TestRunner", "UnityEngine.TestRunner.csproj", "{4E81FA13-9183-46BB-00FD-E33A68AFBA89}"
EndProject
Project("{FAE04EC0-301F-11D3-BF4B-00C04F79EFBC}") = "UniGLTF", "UniGLTF.csproj", "{4EB02312-83B3-7549-CC5F-1275E21434CD}"
EndProject
Project("{FAE04EC0-301F-11D3-BF4B-00C04F79EFBC}") = "Unity.Mathematics", "Unity.Mathematics.csproj", "{76032FA5-FCDA-D72B-8D00-15A292F7972E}"
EndProject
Project("{FAE04EC0-301F-11D3-BF4B-00C04F79EFBC}") = "Assembly-CSharp", "Assembly-CSharp.csproj", "{DA6601DE-7752-4144-124D-1B4EE0C5A576}"
EndProject
Project("{FAE04EC0-301F-11D3-BF4B-00C04F79EFBC}") = "SimpleWebTransport", "SimpleWebTransport.csproj", "{9F285BCF-1AF1-81DB-92FE-20AC003DCDF2}"
EndProject
Project("{FAE04EC0-301F-11D3-BF4B-00C04F79EFBC}") = "Mirror.Examples", "Mirror.Examples.csproj", "{27A27DF3-9B1D-F605-6305-D5EC22749803}"
EndProject
Project("{FAE04EC0-301F-11D3-BF4B-00C04F79EFBC}") = "VRM", "VRM.csproj", "{3557EA6A-FE6F-780A-447B-C719F48D9C43}"
EndProject
Project("{FAE04EC0-301F-11D3-BF4B-00C04F79EFBC}") = "Unity.RenderPipelines.Universal.Runtime", "Unity.RenderPipelines.Universal.Runtime.csproj", "{DC7722D5-81EC-AAE5-477E-C25079CBC122}"
EndProject
Project("{FAE04EC0-301F-11D3-BF4B-00C04F79EFBC}") = "VRMShaders.GLTF.IO.Runtime", "VRMShaders.GLTF.IO.Runtime.csproj", "{3829A1FC-00F6-2120-AA00-E6DA00D32835}"
EndProject
Project("{FAE04EC0-301F-11D3-BF4B-00C04F79EFBC}") = "Mirror", "Mirror.csproj", "{00CD485A-8F92-0D55-B63A-4D3604151512}"
EndProject
Project("{FAE04EC0-301F-11D3-BF4B-00C04F79EFBC}") = "Mirror.Components", "Mirror.Components.csproj", "{AD6208E0-E301-FEDC-7BBD-DCFC817FC4E6}"
EndProject
Project("{FAE04EC0-301F-11D3-BF4B-00C04F79EFBC}") = "Unity.TextMeshPro", "Unity.TextMeshPro.csproj", "{ED2338C9-C352-5F07-CDD9-E8DDDD04C901}"
EndProject
Project("{FAE04EC0-301F-11D3-BF4B-00C04F79EFBC}") = "Unity.ProBuilder.Poly2Tri", "Unity.ProBuilder.Poly2Tri.csproj", "{63926857-F4A3-1734-1C56-90A37A255BD6}"
EndProject
Project("{FAE04EC0-301F-11D3-BF4B-00C04F79EFBC}") = "Cinemachine", "Cinemachine.csproj", "{9FEAE780-208A-EB97-BB89-3578897E5E29}"
EndProject
Project("{FAE04EC0-301F-11D3-BF4B-00C04F79EFBC}") = "Unity.Timeline", "Unity.Timeline.csproj", "{5BFBA894-5D61-9D4E-3F2C-282E32DAD2F2}"
EndProject
Project("{FAE04EC0-301F-11D3-BF4B-00C04F79EFBC}") = "VRMShaders.VRM10.MToon10.Runtime", "VRMShaders.VRM10.MToon10.Runtime.csproj", "{F9975F27-90FC-BC29-6A87-3F7D1DCACCE2}"
EndProject
Project("{FAE04EC0-301F-11D3-BF4B-00C04F79EFBC}") = "Unity.ProBuilder", "Unity.ProBuilder.csproj", "{44038754-6EF8-786F-0998-D4F3349196AE}"
EndProject
Project("{FAE04EC0-301F-11D3-BF4B-00C04F79EFBC}") = "LRM", "LRM.csproj", "{0CFC6AA9-4784-2962-45FF-0D14202AB39A}"
EndProject
Project("{FAE04EC0-301F-11D3-BF4B-00C04F79EFBC}") = "Telepathy", "Telepathy.csproj", "{562D4034-9CE0-C9D4-7971-B40D5C25F5E9}"
EndProject
Project("{FAE04EC0-301F-11D3-BF4B-00C04F79EFBC}") = "Unity.2D.SpriteShape.Runtime", "Unity.2D.SpriteShape.Runtime.csproj", "{404C8195-3878-66B6-EB2E-BEC5F52E863E}"
EndProject
Project("{FAE04EC0-301F-11D3-BF4B-00C04F79EFBC}") = "UniHumanoid", "UniHumanoid.csproj", "{F1A7336E-0CAD-72AB-710C-A036994A3EC4}"
EndProject
Project("{FAE04EC0-301F-11D3-BF4B-00C04F79EFBC}") = "FastSpringBone", "FastSpringBone.csproj", "{87FB0971-E3E4-EE12-56F1-8B35E763D01D}"
EndProject
Project("{FAE04EC0-301F-11D3-BF4B-00C04F79EFBC}") = "Unity.ProBuilder.Csg", "Unity.ProBuilder.Csg.csproj", "{E3DD0309-6AE1-57E2-6E53-C6546DDDA206}"
EndProject
Project("{FAE04EC0-301F-11D3-BF4B-00C04F79EFBC}") = "VRMShaders.GLTF.UniUnlit.Runtime", "VRMShaders.GLTF.UniUnlit.Runtime.csproj", "{C69D2F20-A4DD-8B64-3F82-7EEAAFD16599}"
EndProject
Project("{FAE04EC0-301F-11D3-BF4B-00C04F79EFBC}") = "MToon", "MToon.csproj", "{54068308-22E2-EDC0-926D-3465E1CEC964}"
EndProject
Project("{FAE04EC0-301F-11D3-BF4B-00C04F79EFBC}") = "kcp2k", "kcp2k.csproj", "{BA1E2F44-4E9F-014F-255D-389C00FA79F6}"
EndProject
Project("{FAE04EC0-301F-11D3-BF4B-00C04F79EFBC}") = "where-allocations", "where-allocations.csproj", "{E04E0D86-16FD-C326-1210-8619CFDEC796}"
EndProject
Project("{FAE04EC0-301F-11D3-BF4B-00C04F79EFBC}") = "Unity.ProBuilder.KdTree", "Unity.ProBuilder.KdTree.csproj", "{D6F6DB61-5DF9-5A7E-1C7F-196A3A55666E}"
EndProject
Project("{FAE04EC0-301F-11D3-BF4B-00C04F79EFBC}") = "DOTween.Modules", "DOTween.Modules.csproj", "{B176B95B-9C75-E538-423E-2D014B74756C}"
EndProject
Project("{FAE04EC0-301F-11D3-BF4B-00C04F79EFBC}") = "Unity.2D.Common.Runtime", "Unity.2D.Common.Runtime.csproj", "{77D35FFC-F2C8-15FA-5986-3185DF8AD291}"
EndProject
Project("{FAE04EC0-301F-11D3-BF4B-00C04F79EFBC}") = "Unity.RenderPipelines.Core.ShaderLibrary", "Unity.RenderPipelines.Core.ShaderLibrary.csproj", "{A3229952-7318-AF0A-33F7-E7CC584F1338}"
EndProject
Project("{FAE04EC0-301F-11D3-BF4B-00C04F79EFBC}") = "VRMShaders.VRM10.Format.Runtime", "VRMShaders.VRM10.Format.Runtime.csproj", "{18EFD130-4556-EE4C-B017-544E79A48239}"
EndProject
Project("{FAE04EC0-301F-11D3-BF4B-00C04F79EFBC}") = "UniGLTF.Samples.ScreenSpace", "UniGLTF.Samples.ScreenSpace.csproj", "{A21F7CA7-6551-BEAD-B846-0BDB68578A8C}"
EndProject
Project("{FAE04EC0-301F-11D3-BF4B-00C04F79EFBC}") = "Unity.InternalAPIEngineBridge.001", "Unity.InternalAPIEngineBridge.001.csproj", "{DE0DD4CC-2CC1-2E86-6D5C-1643DCDB3B47}"
EndProject
Project("{FAE04EC0-301F-11D3-BF4B-00C04F79EFBC}") = "Unity.RenderPipeline.Universal.ShaderLibrary", "Unity.RenderPipeline.Universal.ShaderLibrary.csproj", "{BA33BF0B-21D0-DC3E-B6E5-D1AB66F1607A}"
EndProject
Project("{FAE04EC0-301F-11D3-BF4B-00C04F79EFBC}") = "Mirror.Authenticators", "Mirror.Authenticators.csproj", "{441D668D-9DDD-CE0A-9F4C-045B4235FA56}"
EndProject
Project("{FAE04EC0-301F-11D3-BF4B-00C04F79EFBC}") = "Unity.ProBuilder.Stl", "Unity.ProBuilder.Stl.csproj", "{0B398A36-2773-B1C6-0B41-8159F4AAFB58}"
EndProject
Project("{FAE04EC0-301F-11D3-BF4B-00C04F79EFBC}") = "VRMShaders.VRM.IO.Runtime", "VRMShaders.VRM.IO.Runtime.csproj", "{0BBB5C94-B046-46E1-9F48-52B97A91FD4B}"
EndProject
Project("{FAE04EC0-301F-11D3-BF4B-00C04F79EFBC}") = "Unity.RenderPipelines.Universal.Shaders", "Unity.RenderPipelines.Universal.Shaders.csproj", "{16297BD4-4B5E-8765-57C1-B5DE7C5F85FD}"
EndProject
Project("{FAE04EC0-301F-11D3-BF4B-00C04F79EFBC}") = "Unity.RenderPipelines.ShaderGraph.ShaderGraphLibrary", "Unity.RenderPipelines.ShaderGraph.ShaderGraphLibrary.csproj", "{68EB5686-37E5-84A3-E34C-DA03CAB64DF1}"
EndProject
Project("{FAE04EC0-301F-11D3-BF4B-00C04F79EFBC}") = "Unity.PlasticSCM.Editor", "Unity.PlasticSCM.Editor.csproj", "{0AB2009E-265A-8F2C-DE67-6BFE5EB024B6}"
EndProject
Project("{FAE04EC0-301F-11D3-BF4B-00C04F79EFBC}") = "Unity.ShaderGraph.Editor", "Unity.ShaderGraph.Editor.csproj", "{5493A0B2-6B83-9B6F-22F9-D7EF782F98C7}"
EndProject
Project("{FAE04EC0-301F-11D3-BF4B-00C04F79EFBC}") = "Unity.VisualStudio.Editor", "Unity.VisualStudio.Editor.csproj", "{76EE7480-27ED-7473-76BA-9C937FD03D23}"
EndProject
Project("{FAE04EC0-301F-11D3-BF4B-00C04F79EFBC}") = "Unity.ProBuilder.Editor", "Unity.ProBuilder.Editor.csproj", "{946EAD12-2DC3-82B4-3320-A2226EAB1AE6}"
EndProject
Project("{FAE04EC0-301F-11D3-BF4B-00C04F79EFBC}") = "Unity.Timeline.Editor", "Unity.Timeline.Editor.csproj", "{1BD78691-5B15-4957-EF6F-E2A95F891797}"
EndProject
Project("{FAE04EC0-301F-11D3-BF4B-00C04F79EFBC}") = "com.unity.cinemachine.editor", "com.unity.cinemachine.editor.csproj", "{7F3C4761-AF20-6EC2-C529-B9C5610BBC46}"
EndProject
Project("{FAE04EC0-301F-11D3-BF4B-00C04F79EFBC}") = "VRMShaders.GLTF.IO.Tests", "VRMShaders.GLTF.IO.Tests.csproj", "{BD287EDB-C1A6-C705-6A25-3A9E4F53AA40}"
EndProject
Project("{FAE04EC0-301F-11D3-BF4B-00C04F79EFBC}") = "Unity.TextMeshPro.Editor", "Unity.TextMeshPro.Editor.csproj", "{719AB9D5-B8F5-C88B-185C-E27C1B714816}"
EndProject
Project("{FAE04EC0-301F-11D3-BF4B-00C04F79EFBC}") = "UniGLTF.Tests", "UniGLTF.Tests.csproj", "{DC1DF682-36EA-809A-6BE3-617A2A9C2B45}"
EndProject
Project("{FAE04EC0-301F-11D3-BF4B-00C04F79EFBC}") = "Unity.Mirror.CodeGen", "Unity.Mirror.CodeGen.csproj", "{35EDDD37-E80C-8B79-A3FD-A73F204E2EDB}"
EndProject
Project("{FAE04EC0-301F-11D3-BF4B-00C04F79EFBC}") = "Unity.CollabProxy.Editor", "Unity.CollabProxy.Editor.csproj", "{4AA65908-8CFF-C878-151A-01E9E1C3F74E}"
EndProject
Project("{FAE04EC0-301F-11D3-BF4B-00C04F79EFBC}") = "UnityEditor.TestRunner", "UnityEditor.TestRunner.csproj", "{C4A4901A-08AF-6111-26FC-7C99D0722187}"
EndProject
Project("{FAE04EC0-301F-11D3-BF4B-00C04F79EFBC}") = "Unity.Mobile.AndroidLogcat.Editor", "Unity.Mobile.AndroidLogcat.Editor.csproj", "{DFAB84A2-344B-7B0D-6150-65FEC8F785E0}"
EndProject
Project("{FAE04EC0-301F-11D3-BF4B-00C04F79EFBC}") = "Assembly-CSharp-Editor", "Assembly-CSharp-Editor.csproj", "{2347BB94-03FE-5A24-5D14-517571995ABB}"
EndProject
Project("{FAE04EC0-301F-11D3-BF4B-00C04F79EFBC}") = "Unity.Rider.Editor", "Unity.Rider.Editor.csproj", "{D57C7FFB-D4C6-A014-2ECD-EF8C36FA290C}"
EndProject
Project("{FAE04EC0-301F-11D3-BF4B-00C04F79EFBC}") = "UniVRM.Editor", "UniVRM.Editor.csproj", "{3BA6A69D-D6E0-A8A0-8D37-CA78EBD5C1BA}"
EndProject
Project("{FAE04EC0-301F-11D3-BF4B-00C04F79EFBC}") = "Unity.2D.Path.Editor", "Unity.2D.Path.Editor.csproj", "{28959240-AE45-BEE6-A4BC-DD319D297E35}"
EndProject
Project("{FAE04EC0-301F-11D3-BF4B-00C04F79EFBC}") = "VRMShaders.GLTF.UniUnlit.Editor", "VRMShaders.GLTF.UniUnlit.Editor.csproj", "{A7D4F146-B7E2-F2F4-41C2-1F7F6F7B483C}"
EndProject
Project("{FAE04EC0-301F-11D3-BF4B-00C04F79EFBC}") = "Unity.RenderPipelines.Universal.Editor", "Unity.RenderPipelines.Universal.Editor.csproj", "{7CA6F02D-5F9E-758B-90BB-DECA6FCB8174}"
EndProject
Project("{FAE04EC0-301F-11D3-BF4B-00C04F79EFBC}") = "UniGLTF.Editor", "UniGLTF.Editor.csproj", "{6EA6948A-1714-DC11-1151-A854308CF2DA}"
EndProject
Project("{FAE04EC0-301F-11D3-BF4B-00C04F79EFBC}") = "UniHumanoid.Editor", "UniHumanoid.Editor.csproj", "{0DE357C7-394A-7BF3-3CD6-1E54B6C5A4DD}"
EndProject
Project("{FAE04EC0-301F-11D3-BF4B-00C04F79EFBC}") = "Unity.RenderPipelines.Core.Editor", "Unity.RenderPipelines.Core.Editor.csproj", "{D79A1BAC-7EF2-994A-3E17-2866E8E6922E}"
EndProject
Project("{FAE04EC0-301F-11D3-BF4B-00C04F79EFBC}") = "VRM.Tests", "VRM.Tests.csproj", "{45AC1988-E964-324F-C704-83B474339A30}"
EndProject
Project("{FAE04EC0-301F-11D3-BF4B-00C04F79EFBC}") = "Unity.Searcher.Editor", "Unity.Searcher.Editor.csproj", "{5C4FFB9B-6172-6416-AE32-C08D73627CB6}"
EndProject
Project("{FAE04EC0-301F-11D3-BF4B-00C04F79EFBC}") = "Unity.2D.SpriteShape.Editor", "Unity.2D.SpriteShape.Editor.csproj", "{E3689AB0-4C29-4E3D-B233-3CF1468E5E32}"
EndProject
Project("{FAE04EC0-301F-11D3-BF4B-00C04F79EFBC}") = "Unity.SysrootPackage.Editor", "Unity.SysrootPackage.Editor.csproj", "{EBDD263D-BFBD-D98B-E761-5B9D3B8E7D3B}"
EndProject
Project("{FAE04EC0-301F-11D3-BF4B-00C04F79EFBC}") = "Mirror.Editor", "Mirror.Editor.csproj", "{9FF95FE5-7E1C-579E-9437-76544F1F6AB6}"
EndProject
Project("{FAE04EC0-301F-11D3-BF4B-00C04F79EFBC}") = "Unity.Toolchain.Win-x86_64-Linux-x86_64", "Unity.Toolchain.Win-x86_64-Linux-x86_64.csproj", "{ABB605AD-D350-7609-CCA4-564B76C7D6F3}"
EndProject
Project("{FAE04EC0-301F-11D3-BF4B-00C04F79EFBC}") = "Unity.VSCode.Editor", "Unity.VSCode.Editor.csproj", "{112AE9BE-FAF5-5345-9729-98F24EBB046C}"
EndProject
Project("{FAE04EC0-301F-11D3-BF4B-00C04F79EFBC}") = "Unity.ProBuilder.AssetIdRemapUtility", "Unity.ProBuilder.AssetIdRemapUtility.csproj", "{360B330F-20D6-8842-C05D-CFD2E651FFA2}"
EndProject
Project("{FAE04EC0-301F-11D3-BF4B-00C04F79EFBC}") = "Unity.2D.Sprite.Editor", "Unity.2D.Sprite.Editor.csproj", "{DAA909CD-0B3C-17AC-5239-7003EFF105F8}"
EndProject
Project("{FAE04EC0-301F-11D3-BF4B-00C04F79EFBC}") = "Mirror.CompilerSymbols", "Mirror.CompilerSymbols.csproj", "{03D3C64B-E11A-C68A-43B6-5BE33CF37CC4}"
EndProject
Project("{FAE04EC0-301F-11D3-BF4B-00C04F79EFBC}") = "UnityEditor.UI", "UnityEditor.UI.csproj", "{57B080F4-8E4E-B335-DFE4-A422DE0417EC}"
EndProject
Project("{FAE04EC0-301F-11D3-BF4B-00C04F79EFBC}") = "Unity.Settings.Editor", "Unity.Settings.Editor.csproj", "{0F046463-0C34-CFD9-EF11-910841D81038}"
EndProject
Project("{FAE04EC0-301F-11D3-BF4B-00C04F79EFBC}") = "VRMShaders.GLTF.IO.Editor", "VRMShaders.GLTF.IO.Editor.csproj", "{3A0C313B-691E-D576-1DF7-0B3B96F270EA}"
EndProject
Project("{FAE04EC0-301F-11D3-BF4B-00C04F79EFBC}") = "Unity.Mathematics.Editor", "Unity.Mathematics.Editor.csproj", "{C6C50F78-F4EC-C29A-4642-8A9938B05206}"
EndProject
Project("{FAE04EC0-301F-11D3-BF4B-00C04F79EFBC}") = "Unity.2D.Common.Editor", "Unity.2D.Common.Editor.csproj", "{FC188927-539C-32A7-5E22-A06E34DD46B8}"
EndProject
Project("{FAE04EC0-301F-11D3-BF4B-00C04F79EFBC}") = "VRMShaders.VRM10.MToon10.Editor", "VRMShaders.VRM10.MToon10.Editor.csproj", "{E8D77A2C-241B-7414-5A32-D6E79C59066D}"
EndProject
Project("{FAE04EC0-301F-11D3-BF4B-00C04F79EFBC}") = "MToon.Editor", "MToon.Editor.csproj", "{75F47262-A1C3-48EB-76CC-47512F847263}"
EndProject
Project("{FAE04EC0-301F-11D3-BF4B-00C04F79EFBC}") = "Unity.InternalAPIEditorBridge.001", "Unity.InternalAPIEditorBridge.001.csproj", "{8F3504B8-76BD-EE57-467C-2EF4C6E92CDE}"
EndProject
Project("{FAE04EC0-301F-11D3-BF4B-00C04F79EFBC}") = "Unity.ShaderGraph.Utilities", "Unity.ShaderGraph.Utilities.csproj", "{3C4904FD-EB0B-3521-E58B-E72699ABE96A}"
EndProject
Project("{FAE04EC0-301F-11D3-BF4B-00C04F79EFBC}") = "Unity.Sysroot.Linux_x86_64", "Unity.Sysroot.Linux_x86_64.csproj", "{B719EF97-B279-A7D4-C105-FE8225450BEF}"
EndProject
Project("{FAE04EC0-301F-11D3-BF4B-00C04F79EFBC}") = "UnityEditorExtension", "UnityEditorExtension.csproj", "{1F88EA41-99CA-45DF-CCB1-58D7239731CE}"
EndProject
Project("{FAE04EC0-301F-11D3-BF4B-00C04F79EFBC}") = "VRMShaders.VRM10.MToon10.Tests", "VRMShaders.VRM10.MToon10.Tests.csproj", "{A4B5EB19-E87A-9577-A11D-C8F5EF568D6A}"
EndProject
Project("{FAE04EC0-301F-11D3-BF4B-00C04F79EFBC}") = "Unity.ProBuilder.AddOns.Editor", "Unity.ProBuilder.AddOns.Editor.csproj", "{50F5F7D1-E09B-D9E4-246A-0C019154945A}"
EndProject
Project("{FAE04EC0-301F-11D3-BF4B-00C04F79EFBC}") = "UniHumanoid.Editor.Tests", "UniHumanoid.Editor.Tests.csproj", "{F4D8118B-C2DE-F952-87DE-3903978C7FFC}"
EndProject
Project("{FAE04EC0-301F-11D3-BF4B-00C04F79EFBC}") = "VRM.Samples.Editor.Tests", "VRM.Samples.Editor.Tests.csproj", "{589F3115-EA42-BF14-721C-0BC1CA4F7A80}"
EndProject
Global
	GlobalSection(SolutionConfigurationPlatforms) = preSolution
		Debug|Any CPU = Debug|Any CPU
		Release|Any CPU = Release|Any CPU
	EndGlobalSection
	GlobalSection(ProjectConfigurationPlatforms) = postSolution
		{D4D9B07A-2EC5-AECB-50A8-A472C1289B88}.Debug|Any CPU.ActiveCfg = Debug|Any CPU
		{D4D9B07A-2EC5-AECB-50A8-A472C1289B88}.Debug|Any CPU.Build.0 = Debug|Any CPU
		{D4D9B07A-2EC5-AECB-50A8-A472C1289B88}.Release|Any CPU.ActiveCfg = Release|Any CPU
		{D4D9B07A-2EC5-AECB-50A8-A472C1289B88}.Release|Any CPU.Build.0 = Release|Any CPU
		{05FD4D19-741F-31E5-A584-E82971BB04E3}.Debug|Any CPU.ActiveCfg = Debug|Any CPU
		{05FD4D19-741F-31E5-A584-E82971BB04E3}.Debug|Any CPU.Build.0 = Debug|Any CPU
		{05FD4D19-741F-31E5-A584-E82971BB04E3}.Release|Any CPU.ActiveCfg = Release|Any CPU
		{05FD4D19-741F-31E5-A584-E82971BB04E3}.Release|Any CPU.Build.0 = Release|Any CPU
		{4E81FA13-9183-46BB-00FD-E33A68AFBA89}.Debug|Any CPU.ActiveCfg = Debug|Any CPU
		{4E81FA13-9183-46BB-00FD-E33A68AFBA89}.Debug|Any CPU.Build.0 = Debug|Any CPU
		{4E81FA13-9183-46BB-00FD-E33A68AFBA89}.Release|Any CPU.ActiveCfg = Release|Any CPU
		{4E81FA13-9183-46BB-00FD-E33A68AFBA89}.Release|Any CPU.Build.0 = Release|Any CPU
		{4EB02312-83B3-7549-CC5F-1275E21434CD}.Debug|Any CPU.ActiveCfg = Debug|Any CPU
		{4EB02312-83B3-7549-CC5F-1275E21434CD}.Debug|Any CPU.Build.0 = Debug|Any CPU
		{4EB02312-83B3-7549-CC5F-1275E21434CD}.Release|Any CPU.ActiveCfg = Release|Any CPU
		{4EB02312-83B3-7549-CC5F-1275E21434CD}.Release|Any CPU.Build.0 = Release|Any CPU
		{76032FA5-FCDA-D72B-8D00-15A292F7972E}.Debug|Any CPU.ActiveCfg = Debug|Any CPU
		{76032FA5-FCDA-D72B-8D00-15A292F7972E}.Debug|Any CPU.Build.0 = Debug|Any CPU
		{76032FA5-FCDA-D72B-8D00-15A292F7972E}.Release|Any CPU.ActiveCfg = Release|Any CPU
		{76032FA5-FCDA-D72B-8D00-15A292F7972E}.Release|Any CPU.Build.0 = Release|Any CPU
		{DA6601DE-7752-4144-124D-1B4EE0C5A576}.Debug|Any CPU.ActiveCfg = Debug|Any CPU
		{DA6601DE-7752-4144-124D-1B4EE0C5A576}.Debug|Any CPU.Build.0 = Debug|Any CPU
		{DA6601DE-7752-4144-124D-1B4EE0C5A576}.Release|Any CPU.ActiveCfg = Release|Any CPU
		{DA6601DE-7752-4144-124D-1B4EE0C5A576}.Release|Any CPU.Build.0 = Release|Any CPU
		{9F285BCF-1AF1-81DB-92FE-20AC003DCDF2}.Debug|Any CPU.ActiveCfg = Debug|Any CPU
		{9F285BCF-1AF1-81DB-92FE-20AC003DCDF2}.Debug|Any CPU.Build.0 = Debug|Any CPU
		{9F285BCF-1AF1-81DB-92FE-20AC003DCDF2}.Release|Any CPU.ActiveCfg = Release|Any CPU
		{9F285BCF-1AF1-81DB-92FE-20AC003DCDF2}.Release|Any CPU.Build.0 = Release|Any CPU
		{27A27DF3-9B1D-F605-6305-D5EC22749803}.Debug|Any CPU.ActiveCfg = Debug|Any CPU
		{27A27DF3-9B1D-F605-6305-D5EC22749803}.Debug|Any CPU.Build.0 = Debug|Any CPU
		{27A27DF3-9B1D-F605-6305-D5EC22749803}.Release|Any CPU.ActiveCfg = Release|Any CPU
		{27A27DF3-9B1D-F605-6305-D5EC22749803}.Release|Any CPU.Build.0 = Release|Any CPU
		{3557EA6A-FE6F-780A-447B-C719F48D9C43}.Debug|Any CPU.ActiveCfg = Debug|Any CPU
		{3557EA6A-FE6F-780A-447B-C719F48D9C43}.Debug|Any CPU.Build.0 = Debug|Any CPU
		{3557EA6A-FE6F-780A-447B-C719F48D9C43}.Release|Any CPU.ActiveCfg = Release|Any CPU
		{3557EA6A-FE6F-780A-447B-C719F48D9C43}.Release|Any CPU.Build.0 = Release|Any CPU
		{DC7722D5-81EC-AAE5-477E-C25079CBC122}.Debug|Any CPU.ActiveCfg = Debug|Any CPU
		{DC7722D5-81EC-AAE5-477E-C25079CBC122}.Debug|Any CPU.Build.0 = Debug|Any CPU
		{DC7722D5-81EC-AAE5-477E-C25079CBC122}.Release|Any CPU.ActiveCfg = Release|Any CPU
		{DC7722D5-81EC-AAE5-477E-C25079CBC122}.Release|Any CPU.Build.0 = Release|Any CPU
		{3829A1FC-00F6-2120-AA00-E6DA00D32835}.Debug|Any CPU.ActiveCfg = Debug|Any CPU
		{3829A1FC-00F6-2120-AA00-E6DA00D32835}.Debug|Any CPU.Build.0 = Debug|Any CPU
		{3829A1FC-00F6-2120-AA00-E6DA00D32835}.Release|Any CPU.ActiveCfg = Release|Any CPU
		{3829A1FC-00F6-2120-AA00-E6DA00D32835}.Release|Any CPU.Build.0 = Release|Any CPU
		{00CD485A-8F92-0D55-B63A-4D3604151512}.Debug|Any CPU.ActiveCfg = Debug|Any CPU
		{00CD485A-8F92-0D55-B63A-4D3604151512}.Debug|Any CPU.Build.0 = Debug|Any CPU
		{00CD485A-8F92-0D55-B63A-4D3604151512}.Release|Any CPU.ActiveCfg = Release|Any CPU
		{00CD485A-8F92-0D55-B63A-4D3604151512}.Release|Any CPU.Build.0 = Release|Any CPU
		{AD6208E0-E301-FEDC-7BBD-DCFC817FC4E6}.Debug|Any CPU.ActiveCfg = Debug|Any CPU
		{AD6208E0-E301-FEDC-7BBD-DCFC817FC4E6}.Debug|Any CPU.Build.0 = Debug|Any CPU
		{AD6208E0-E301-FEDC-7BBD-DCFC817FC4E6}.Release|Any CPU.ActiveCfg = Release|Any CPU
		{AD6208E0-E301-FEDC-7BBD-DCFC817FC4E6}.Release|Any CPU.Build.0 = Release|Any CPU
		{ED2338C9-C352-5F07-CDD9-E8DDDD04C901}.Debug|Any CPU.ActiveCfg = Debug|Any CPU
		{ED2338C9-C352-5F07-CDD9-E8DDDD04C901}.Debug|Any CPU.Build.0 = Debug|Any CPU
		{ED2338C9-C352-5F07-CDD9-E8DDDD04C901}.Release|Any CPU.ActiveCfg = Release|Any CPU
		{ED2338C9-C352-5F07-CDD9-E8DDDD04C901}.Release|Any CPU.Build.0 = Release|Any CPU
		{63926857-F4A3-1734-1C56-90A37A255BD6}.Debug|Any CPU.ActiveCfg = Debug|Any CPU
		{63926857-F4A3-1734-1C56-90A37A255BD6}.Debug|Any CPU.Build.0 = Debug|Any CPU
		{63926857-F4A3-1734-1C56-90A37A255BD6}.Release|Any CPU.ActiveCfg = Release|Any CPU
		{63926857-F4A3-1734-1C56-90A37A255BD6}.Release|Any CPU.Build.0 = Release|Any CPU
		{9FEAE780-208A-EB97-BB89-3578897E5E29}.Debug|Any CPU.ActiveCfg = Debug|Any CPU
		{9FEAE780-208A-EB97-BB89-3578897E5E29}.Debug|Any CPU.Build.0 = Debug|Any CPU
		{9FEAE780-208A-EB97-BB89-3578897E5E29}.Release|Any CPU.ActiveCfg = Release|Any CPU
		{9FEAE780-208A-EB97-BB89-3578897E5E29}.Release|Any CPU.Build.0 = Release|Any CPU
		{5BFBA894-5D61-9D4E-3F2C-282E32DAD2F2}.Debug|Any CPU.ActiveCfg = Debug|Any CPU
		{5BFBA894-5D61-9D4E-3F2C-282E32DAD2F2}.Debug|Any CPU.Build.0 = Debug|Any CPU
		{5BFBA894-5D61-9D4E-3F2C-282E32DAD2F2}.Release|Any CPU.ActiveCfg = Release|Any CPU
		{5BFBA894-5D61-9D4E-3F2C-282E32DAD2F2}.Release|Any CPU.Build.0 = Release|Any CPU
		{F9975F27-90FC-BC29-6A87-3F7D1DCACCE2}.Debug|Any CPU.ActiveCfg = Debug|Any CPU
		{F9975F27-90FC-BC29-6A87-3F7D1DCACCE2}.Debug|Any CPU.Build.0 = Debug|Any CPU
		{F9975F27-90FC-BC29-6A87-3F7D1DCACCE2}.Release|Any CPU.ActiveCfg = Release|Any CPU
		{F9975F27-90FC-BC29-6A87-3F7D1DCACCE2}.Release|Any CPU.Build.0 = Release|Any CPU
		{44038754-6EF8-786F-0998-D4F3349196AE}.Debug|Any CPU.ActiveCfg = Debug|Any CPU
		{44038754-6EF8-786F-0998-D4F3349196AE}.Debug|Any CPU.Build.0 = Debug|Any CPU
		{44038754-6EF8-786F-0998-D4F3349196AE}.Release|Any CPU.ActiveCfg = Release|Any CPU
		{44038754-6EF8-786F-0998-D4F3349196AE}.Release|Any CPU.Build.0 = Release|Any CPU
		{0CFC6AA9-4784-2962-45FF-0D14202AB39A}.Debug|Any CPU.ActiveCfg = Debug|Any CPU
		{0CFC6AA9-4784-2962-45FF-0D14202AB39A}.Debug|Any CPU.Build.0 = Debug|Any CPU
		{0CFC6AA9-4784-2962-45FF-0D14202AB39A}.Release|Any CPU.ActiveCfg = Release|Any CPU
		{0CFC6AA9-4784-2962-45FF-0D14202AB39A}.Release|Any CPU.Build.0 = Release|Any CPU
		{562D4034-9CE0-C9D4-7971-B40D5C25F5E9}.Debug|Any CPU.ActiveCfg = Debug|Any CPU
		{562D4034-9CE0-C9D4-7971-B40D5C25F5E9}.Debug|Any CPU.Build.0 = Debug|Any CPU
		{562D4034-9CE0-C9D4-7971-B40D5C25F5E9}.Release|Any CPU.ActiveCfg = Release|Any CPU
		{562D4034-9CE0-C9D4-7971-B40D5C25F5E9}.Release|Any CPU.Build.0 = Release|Any CPU
		{404C8195-3878-66B6-EB2E-BEC5F52E863E}.Debug|Any CPU.ActiveCfg = Debug|Any CPU
		{404C8195-3878-66B6-EB2E-BEC5F52E863E}.Debug|Any CPU.Build.0 = Debug|Any CPU
		{404C8195-3878-66B6-EB2E-BEC5F52E863E}.Release|Any CPU.ActiveCfg = Release|Any CPU
		{404C8195-3878-66B6-EB2E-BEC5F52E863E}.Release|Any CPU.Build.0 = Release|Any CPU
		{F1A7336E-0CAD-72AB-710C-A036994A3EC4}.Debug|Any CPU.ActiveCfg = Debug|Any CPU
		{F1A7336E-0CAD-72AB-710C-A036994A3EC4}.Debug|Any CPU.Build.0 = Debug|Any CPU
		{F1A7336E-0CAD-72AB-710C-A036994A3EC4}.Release|Any CPU.ActiveCfg = Release|Any CPU
		{F1A7336E-0CAD-72AB-710C-A036994A3EC4}.Release|Any CPU.Build.0 = Release|Any CPU
		{87FB0971-E3E4-EE12-56F1-8B35E763D01D}.Debug|Any CPU.ActiveCfg = Debug|Any CPU
		{87FB0971-E3E4-EE12-56F1-8B35E763D01D}.Debug|Any CPU.Build.0 = Debug|Any CPU
		{87FB0971-E3E4-EE12-56F1-8B35E763D01D}.Release|Any CPU.ActiveCfg = Release|Any CPU
		{87FB0971-E3E4-EE12-56F1-8B35E763D01D}.Release|Any CPU.Build.0 = Release|Any CPU
		{E3DD0309-6AE1-57E2-6E53-C6546DDDA206}.Debug|Any CPU.ActiveCfg = Debug|Any CPU
		{E3DD0309-6AE1-57E2-6E53-C6546DDDA206}.Debug|Any CPU.Build.0 = Debug|Any CPU
		{E3DD0309-6AE1-57E2-6E53-C6546DDDA206}.Release|Any CPU.ActiveCfg = Release|Any CPU
		{E3DD0309-6AE1-57E2-6E53-C6546DDDA206}.Release|Any CPU.Build.0 = Release|Any CPU
		{C69D2F20-A4DD-8B64-3F82-7EEAAFD16599}.Debug|Any CPU.ActiveCfg = Debug|Any CPU
		{C69D2F20-A4DD-8B64-3F82-7EEAAFD16599}.Debug|Any CPU.Build.0 = Debug|Any CPU
		{C69D2F20-A4DD-8B64-3F82-7EEAAFD16599}.Release|Any CPU.ActiveCfg = Release|Any CPU
		{C69D2F20-A4DD-8B64-3F82-7EEAAFD16599}.Release|Any CPU.Build.0 = Release|Any CPU
		{54068308-22E2-EDC0-926D-3465E1CEC964}.Debug|Any CPU.ActiveCfg = Debug|Any CPU
		{54068308-22E2-EDC0-926D-3465E1CEC964}.Debug|Any CPU.Build.0 = Debug|Any CPU
		{54068308-22E2-EDC0-926D-3465E1CEC964}.Release|Any CPU.ActiveCfg = Release|Any CPU
		{54068308-22E2-EDC0-926D-3465E1CEC964}.Release|Any CPU.Build.0 = Release|Any CPU
		{BA1E2F44-4E9F-014F-255D-389C00FA79F6}.Debug|Any CPU.ActiveCfg = Debug|Any CPU
		{BA1E2F44-4E9F-014F-255D-389C00FA79F6}.Debug|Any CPU.Build.0 = Debug|Any CPU
		{BA1E2F44-4E9F-014F-255D-389C00FA79F6}.Release|Any CPU.ActiveCfg = Release|Any CPU
		{BA1E2F44-4E9F-014F-255D-389C00FA79F6}.Release|Any CPU.Build.0 = Release|Any CPU
		{E04E0D86-16FD-C326-1210-8619CFDEC796}.Debug|Any CPU.ActiveCfg = Debug|Any CPU
		{E04E0D86-16FD-C326-1210-8619CFDEC796}.Debug|Any CPU.Build.0 = Debug|Any CPU
		{E04E0D86-16FD-C326-1210-8619CFDEC796}.Release|Any CPU.ActiveCfg = Release|Any CPU
		{E04E0D86-16FD-C326-1210-8619CFDEC796}.Release|Any CPU.Build.0 = Release|Any CPU
		{D6F6DB61-5DF9-5A7E-1C7F-196A3A55666E}.Debug|Any CPU.ActiveCfg = Debug|Any CPU
		{D6F6DB61-5DF9-5A7E-1C7F-196A3A55666E}.Debug|Any CPU.Build.0 = Debug|Any CPU
		{D6F6DB61-5DF9-5A7E-1C7F-196A3A55666E}.Release|Any CPU.ActiveCfg = Release|Any CPU
		{D6F6DB61-5DF9-5A7E-1C7F-196A3A55666E}.Release|Any CPU.Build.0 = Release|Any CPU
		{B176B95B-9C75-E538-423E-2D014B74756C}.Debug|Any CPU.ActiveCfg = Debug|Any CPU
		{B176B95B-9C75-E538-423E-2D014B74756C}.Debug|Any CPU.Build.0 = Debug|Any CPU
		{B176B95B-9C75-E538-423E-2D014B74756C}.Release|Any CPU.ActiveCfg = Release|Any CPU
		{B176B95B-9C75-E538-423E-2D014B74756C}.Release|Any CPU.Build.0 = Release|Any CPU
		{77D35FFC-F2C8-15FA-5986-3185DF8AD291}.Debug|Any CPU.ActiveCfg = Debug|Any CPU
		{77D35FFC-F2C8-15FA-5986-3185DF8AD291}.Debug|Any CPU.Build.0 = Debug|Any CPU
		{77D35FFC-F2C8-15FA-5986-3185DF8AD291}.Release|Any CPU.ActiveCfg = Release|Any CPU
		{77D35FFC-F2C8-15FA-5986-3185DF8AD291}.Release|Any CPU.Build.0 = Release|Any CPU
		{A3229952-7318-AF0A-33F7-E7CC584F1338}.Debug|Any CPU.ActiveCfg = Debug|Any CPU
		{A3229952-7318-AF0A-33F7-E7CC584F1338}.Debug|Any CPU.Build.0 = Debug|Any CPU
		{A3229952-7318-AF0A-33F7-E7CC584F1338}.Release|Any CPU.ActiveCfg = Release|Any CPU
		{A3229952-7318-AF0A-33F7-E7CC584F1338}.Release|Any CPU.Build.0 = Release|Any CPU
		{18EFD130-4556-EE4C-B017-544E79A48239}.Debug|Any CPU.ActiveCfg = Debug|Any CPU
		{18EFD130-4556-EE4C-B017-544E79A48239}.Debug|Any CPU.Build.0 = Debug|Any CPU
		{18EFD130-4556-EE4C-B017-544E79A48239}.Release|Any CPU.ActiveCfg = Release|Any CPU
		{18EFD130-4556-EE4C-B017-544E79A48239}.Release|Any CPU.Build.0 = Release|Any CPU
		{A21F7CA7-6551-BEAD-B846-0BDB68578A8C}.Debug|Any CPU.ActiveCfg = Debug|Any CPU
		{A21F7CA7-6551-BEAD-B846-0BDB68578A8C}.Debug|Any CPU.Build.0 = Debug|Any CPU
		{A21F7CA7-6551-BEAD-B846-0BDB68578A8C}.Release|Any CPU.ActiveCfg = Release|Any CPU
		{A21F7CA7-6551-BEAD-B846-0BDB68578A8C}.Release|Any CPU.Build.0 = Release|Any CPU
		{DE0DD4CC-2CC1-2E86-6D5C-1643DCDB3B47}.Debug|Any CPU.ActiveCfg = Debug|Any CPU
		{DE0DD4CC-2CC1-2E86-6D5C-1643DCDB3B47}.Debug|Any CPU.Build.0 = Debug|Any CPU
		{DE0DD4CC-2CC1-2E86-6D5C-1643DCDB3B47}.Release|Any CPU.ActiveCfg = Release|Any CPU
		{DE0DD4CC-2CC1-2E86-6D5C-1643DCDB3B47}.Release|Any CPU.Build.0 = Release|Any CPU
		{BA33BF0B-21D0-DC3E-B6E5-D1AB66F1607A}.Debug|Any CPU.ActiveCfg = Debug|Any CPU
		{BA33BF0B-21D0-DC3E-B6E5-D1AB66F1607A}.Debug|Any CPU.Build.0 = Debug|Any CPU
		{BA33BF0B-21D0-DC3E-B6E5-D1AB66F1607A}.Release|Any CPU.ActiveCfg = Release|Any CPU
		{BA33BF0B-21D0-DC3E-B6E5-D1AB66F1607A}.Release|Any CPU.Build.0 = Release|Any CPU
		{441D668D-9DDD-CE0A-9F4C-045B4235FA56}.Debug|Any CPU.ActiveCfg = Debug|Any CPU
		{441D668D-9DDD-CE0A-9F4C-045B4235FA56}.Debug|Any CPU.Build.0 = Debug|Any CPU
		{441D668D-9DDD-CE0A-9F4C-045B4235FA56}.Release|Any CPU.ActiveCfg = Release|Any CPU
		{441D668D-9DDD-CE0A-9F4C-045B4235FA56}.Release|Any CPU.Build.0 = Release|Any CPU
		{0B398A36-2773-B1C6-0B41-8159F4AAFB58}.Debug|Any CPU.ActiveCfg = Debug|Any CPU
		{0B398A36-2773-B1C6-0B41-8159F4AAFB58}.Debug|Any CPU.Build.0 = Debug|Any CPU
		{0B398A36-2773-B1C6-0B41-8159F4AAFB58}.Release|Any CPU.ActiveCfg = Release|Any CPU
		{0B398A36-2773-B1C6-0B41-8159F4AAFB58}.Release|Any CPU.Build.0 = Release|Any CPU
		{0BBB5C94-B046-46E1-9F48-52B97A91FD4B}.Debug|Any CPU.ActiveCfg = Debug|Any CPU
		{0BBB5C94-B046-46E1-9F48-52B97A91FD4B}.Debug|Any CPU.Build.0 = Debug|Any CPU
		{0BBB5C94-B046-46E1-9F48-52B97A91FD4B}.Release|Any CPU.ActiveCfg = Release|Any CPU
		{0BBB5C94-B046-46E1-9F48-52B97A91FD4B}.Release|Any CPU.Build.0 = Release|Any CPU
		{16297BD4-4B5E-8765-57C1-B5DE7C5F85FD}.Debug|Any CPU.ActiveCfg = Debug|Any CPU
		{16297BD4-4B5E-8765-57C1-B5DE7C5F85FD}.Debug|Any CPU.Build.0 = Debug|Any CPU
		{16297BD4-4B5E-8765-57C1-B5DE7C5F85FD}.Release|Any CPU.ActiveCfg = Release|Any CPU
		{16297BD4-4B5E-8765-57C1-B5DE7C5F85FD}.Release|Any CPU.Build.0 = Release|Any CPU
		{68EB5686-37E5-84A3-E34C-DA03CAB64DF1}.Debug|Any CPU.ActiveCfg = Debug|Any CPU
		{68EB5686-37E5-84A3-E34C-DA03CAB64DF1}.Debug|Any CPU.Build.0 = Debug|Any CPU
		{68EB5686-37E5-84A3-E34C-DA03CAB64DF1}.Release|Any CPU.ActiveCfg = Release|Any CPU
		{68EB5686-37E5-84A3-E34C-DA03CAB64DF1}.Release|Any CPU.Build.0 = Release|Any CPU
		{0AB2009E-265A-8F2C-DE67-6BFE5EB024B6}.Debug|Any CPU.ActiveCfg = Debug|Any CPU
		{0AB2009E-265A-8F2C-DE67-6BFE5EB024B6}.Debug|Any CPU.Build.0 = Debug|Any CPU
		{0AB2009E-265A-8F2C-DE67-6BFE5EB024B6}.Release|Any CPU.ActiveCfg = Release|Any CPU
		{0AB2009E-265A-8F2C-DE67-6BFE5EB024B6}.Release|Any CPU.Build.0 = Release|Any CPU
		{5493A0B2-6B83-9B6F-22F9-D7EF782F98C7}.Debug|Any CPU.ActiveCfg = Debug|Any CPU
		{5493A0B2-6B83-9B6F-22F9-D7EF782F98C7}.Debug|Any CPU.Build.0 = Debug|Any CPU
		{5493A0B2-6B83-9B6F-22F9-D7EF782F98C7}.Release|Any CPU.ActiveCfg = Release|Any CPU
		{5493A0B2-6B83-9B6F-22F9-D7EF782F98C7}.Release|Any CPU.Build.0 = Release|Any CPU
		{76EE7480-27ED-7473-76BA-9C937FD03D23}.Debug|Any CPU.ActiveCfg = Debug|Any CPU
		{76EE7480-27ED-7473-76BA-9C937FD03D23}.Debug|Any CPU.Build.0 = Debug|Any CPU
		{76EE7480-27ED-7473-76BA-9C937FD03D23}.Release|Any CPU.ActiveCfg = Release|Any CPU
		{76EE7480-27ED-7473-76BA-9C937FD03D23}.Release|Any CPU.Build.0 = Release|Any CPU
		{946EAD12-2DC3-82B4-3320-A2226EAB1AE6}.Debug|Any CPU.ActiveCfg = Debug|Any CPU
		{946EAD12-2DC3-82B4-3320-A2226EAB1AE6}.Debug|Any CPU.Build.0 = Debug|Any CPU
		{946EAD12-2DC3-82B4-3320-A2226EAB1AE6}.Release|Any CPU.ActiveCfg = Release|Any CPU
		{946EAD12-2DC3-82B4-3320-A2226EAB1AE6}.Release|Any CPU.Build.0 = Release|Any CPU
		{1BD78691-5B15-4957-EF6F-E2A95F891797}.Debug|Any CPU.ActiveCfg = Debug|Any CPU
		{1BD78691-5B15-4957-EF6F-E2A95F891797}.Debug|Any CPU.Build.0 = Debug|Any CPU
		{1BD78691-5B15-4957-EF6F-E2A95F891797}.Release|Any CPU.ActiveCfg = Release|Any CPU
		{1BD78691-5B15-4957-EF6F-E2A95F891797}.Release|Any CPU.Build.0 = Release|Any CPU
		{7F3C4761-AF20-6EC2-C529-B9C5610BBC46}.Debug|Any CPU.ActiveCfg = Debug|Any CPU
		{7F3C4761-AF20-6EC2-C529-B9C5610BBC46}.Debug|Any CPU.Build.0 = Debug|Any CPU
		{7F3C4761-AF20-6EC2-C529-B9C5610BBC46}.Release|Any CPU.ActiveCfg = Release|Any CPU
		{7F3C4761-AF20-6EC2-C529-B9C5610BBC46}.Release|Any CPU.Build.0 = Release|Any CPU
		{BD287EDB-C1A6-C705-6A25-3A9E4F53AA40}.Debug|Any CPU.ActiveCfg = Debug|Any CPU
		{BD287EDB-C1A6-C705-6A25-3A9E4F53AA40}.Debug|Any CPU.Build.0 = Debug|Any CPU
		{BD287EDB-C1A6-C705-6A25-3A9E4F53AA40}.Release|Any CPU.ActiveCfg = Release|Any CPU
		{BD287EDB-C1A6-C705-6A25-3A9E4F53AA40}.Release|Any CPU.Build.0 = Release|Any CPU
		{719AB9D5-B8F5-C88B-185C-E27C1B714816}.Debug|Any CPU.ActiveCfg = Debug|Any CPU
		{719AB9D5-B8F5-C88B-185C-E27C1B714816}.Debug|Any CPU.Build.0 = Debug|Any CPU
		{719AB9D5-B8F5-C88B-185C-E27C1B714816}.Release|Any CPU.ActiveCfg = Release|Any CPU
		{719AB9D5-B8F5-C88B-185C-E27C1B714816}.Release|Any CPU.Build.0 = Release|Any CPU
		{DC1DF682-36EA-809A-6BE3-617A2A9C2B45}.Debug|Any CPU.ActiveCfg = Debug|Any CPU
		{DC1DF682-36EA-809A-6BE3-617A2A9C2B45}.Debug|Any CPU.Build.0 = Debug|Any CPU
		{DC1DF682-36EA-809A-6BE3-617A2A9C2B45}.Release|Any CPU.ActiveCfg = Release|Any CPU
		{DC1DF682-36EA-809A-6BE3-617A2A9C2B45}.Release|Any CPU.Build.0 = Release|Any CPU
		{35EDDD37-E80C-8B79-A3FD-A73F204E2EDB}.Debug|Any CPU.ActiveCfg = Debug|Any CPU
		{35EDDD37-E80C-8B79-A3FD-A73F204E2EDB}.Debug|Any CPU.Build.0 = Debug|Any CPU
		{35EDDD37-E80C-8B79-A3FD-A73F204E2EDB}.Release|Any CPU.ActiveCfg = Release|Any CPU
		{35EDDD37-E80C-8B79-A3FD-A73F204E2EDB}.Release|Any CPU.Build.0 = Release|Any CPU
		{4AA65908-8CFF-C878-151A-01E9E1C3F74E}.Debug|Any CPU.ActiveCfg = Debug|Any CPU
		{4AA65908-8CFF-C878-151A-01E9E1C3F74E}.Debug|Any CPU.Build.0 = Debug|Any CPU
		{4AA65908-8CFF-C878-151A-01E9E1C3F74E}.Release|Any CPU.ActiveCfg = Release|Any CPU
		{4AA65908-8CFF-C878-151A-01E9E1C3F74E}.Release|Any CPU.Build.0 = Release|Any CPU
		{C4A4901A-08AF-6111-26FC-7C99D0722187}.Debug|Any CPU.ActiveCfg = Debug|Any CPU
		{C4A4901A-08AF-6111-26FC-7C99D0722187}.Debug|Any CPU.Build.0 = Debug|Any CPU
		{C4A4901A-08AF-6111-26FC-7C99D0722187}.Release|Any CPU.ActiveCfg = Release|Any CPU
		{C4A4901A-08AF-6111-26FC-7C99D0722187}.Release|Any CPU.Build.0 = Release|Any CPU
		{DFAB84A2-344B-7B0D-6150-65FEC8F785E0}.Debug|Any CPU.ActiveCfg = Debug|Any CPU
		{DFAB84A2-344B-7B0D-6150-65FEC8F785E0}.Debug|Any CPU.Build.0 = Debug|Any CPU
		{DFAB84A2-344B-7B0D-6150-65FEC8F785E0}.Release|Any CPU.ActiveCfg = Release|Any CPU
		{DFAB84A2-344B-7B0D-6150-65FEC8F785E0}.Release|Any CPU.Build.0 = Release|Any CPU
		{2347BB94-03FE-5A24-5D14-517571995ABB}.Debug|Any CPU.ActiveCfg = Debug|Any CPU
		{2347BB94-03FE-5A24-5D14-517571995ABB}.Debug|Any CPU.Build.0 = Debug|Any CPU
		{2347BB94-03FE-5A24-5D14-517571995ABB}.Release|Any CPU.ActiveCfg = Release|Any CPU
		{2347BB94-03FE-5A24-5D14-517571995ABB}.Release|Any CPU.Build.0 = Release|Any CPU
		{D57C7FFB-D4C6-A014-2ECD-EF8C36FA290C}.Debug|Any CPU.ActiveCfg = Debug|Any CPU
		{D57C7FFB-D4C6-A014-2ECD-EF8C36FA290C}.Debug|Any CPU.Build.0 = Debug|Any CPU
		{D57C7FFB-D4C6-A014-2ECD-EF8C36FA290C}.Release|Any CPU.ActiveCfg = Release|Any CPU
		{D57C7FFB-D4C6-A014-2ECD-EF8C36FA290C}.Release|Any CPU.Build.0 = Release|Any CPU
		{3BA6A69D-D6E0-A8A0-8D37-CA78EBD5C1BA}.Debug|Any CPU.ActiveCfg = Debug|Any CPU
		{3BA6A69D-D6E0-A8A0-8D37-CA78EBD5C1BA}.Debug|Any CPU.Build.0 = Debug|Any CPU
		{3BA6A69D-D6E0-A8A0-8D37-CA78EBD5C1BA}.Release|Any CPU.ActiveCfg = Release|Any CPU
		{3BA6A69D-D6E0-A8A0-8D37-CA78EBD5C1BA}.Release|Any CPU.Build.0 = Release|Any CPU
		{28959240-AE45-BEE6-A4BC-DD319D297E35}.Debug|Any CPU.ActiveCfg = Debug|Any CPU
		{28959240-AE45-BEE6-A4BC-DD319D297E35}.Debug|Any CPU.Build.0 = Debug|Any CPU
		{28959240-AE45-BEE6-A4BC-DD319D297E35}.Release|Any CPU.ActiveCfg = Release|Any CPU
		{28959240-AE45-BEE6-A4BC-DD319D297E35}.Release|Any CPU.Build.0 = Release|Any CPU
		{A7D4F146-B7E2-F2F4-41C2-1F7F6F7B483C}.Debug|Any CPU.ActiveCfg = Debug|Any CPU
		{A7D4F146-B7E2-F2F4-41C2-1F7F6F7B483C}.Debug|Any CPU.Build.0 = Debug|Any CPU
		{A7D4F146-B7E2-F2F4-41C2-1F7F6F7B483C}.Release|Any CPU.ActiveCfg = Release|Any CPU
		{A7D4F146-B7E2-F2F4-41C2-1F7F6F7B483C}.Release|Any CPU.Build.0 = Release|Any CPU
		{7CA6F02D-5F9E-758B-90BB-DECA6FCB8174}.Debug|Any CPU.ActiveCfg = Debug|Any CPU
		{7CA6F02D-5F9E-758B-90BB-DECA6FCB8174}.Debug|Any CPU.Build.0 = Debug|Any CPU
		{7CA6F02D-5F9E-758B-90BB-DECA6FCB8174}.Release|Any CPU.ActiveCfg = Release|Any CPU
		{7CA6F02D-5F9E-758B-90BB-DECA6FCB8174}.Release|Any CPU.Build.0 = Release|Any CPU
		{6EA6948A-1714-DC11-1151-A854308CF2DA}.Debug|Any CPU.ActiveCfg = Debug|Any CPU
		{6EA6948A-1714-DC11-1151-A854308CF2DA}.Debug|Any CPU.Build.0 = Debug|Any CPU
		{6EA6948A-1714-DC11-1151-A854308CF2DA}.Release|Any CPU.ActiveCfg = Release|Any CPU
		{6EA6948A-1714-DC11-1151-A854308CF2DA}.Release|Any CPU.Build.0 = Release|Any CPU
		{0DE357C7-394A-7BF3-3CD6-1E54B6C5A4DD}.Debug|Any CPU.ActiveCfg = Debug|Any CPU
		{0DE357C7-394A-7BF3-3CD6-1E54B6C5A4DD}.Debug|Any CPU.Build.0 = Debug|Any CPU
		{0DE357C7-394A-7BF3-3CD6-1E54B6C5A4DD}.Release|Any CPU.ActiveCfg = Release|Any CPU
		{0DE357C7-394A-7BF3-3CD6-1E54B6C5A4DD}.Release|Any CPU.Build.0 = Release|Any CPU
		{D79A1BAC-7EF2-994A-3E17-2866E8E6922E}.Debug|Any CPU.ActiveCfg = Debug|Any CPU
		{D79A1BAC-7EF2-994A-3E17-2866E8E6922E}.Debug|Any CPU.Build.0 = Debug|Any CPU
		{D79A1BAC-7EF2-994A-3E17-2866E8E6922E}.Release|Any CPU.ActiveCfg = Release|Any CPU
		{D79A1BAC-7EF2-994A-3E17-2866E8E6922E}.Release|Any CPU.Build.0 = Release|Any CPU
		{45AC1988-E964-324F-C704-83B474339A30}.Debug|Any CPU.ActiveCfg = Debug|Any CPU
		{45AC1988-E964-324F-C704-83B474339A30}.Debug|Any CPU.Build.0 = Debug|Any CPU
		{45AC1988-E964-324F-C704-83B474339A30}.Release|Any CPU.ActiveCfg = Release|Any CPU
		{45AC1988-E964-324F-C704-83B474339A30}.Release|Any CPU.Build.0 = Release|Any CPU
		{5C4FFB9B-6172-6416-AE32-C08D73627CB6}.Debug|Any CPU.ActiveCfg = Debug|Any CPU
		{5C4FFB9B-6172-6416-AE32-C08D73627CB6}.Debug|Any CPU.Build.0 = Debug|Any CPU
		{5C4FFB9B-6172-6416-AE32-C08D73627CB6}.Release|Any CPU.ActiveCfg = Release|Any CPU
		{5C4FFB9B-6172-6416-AE32-C08D73627CB6}.Release|Any CPU.Build.0 = Release|Any CPU
		{E3689AB0-4C29-4E3D-B233-3CF1468E5E32}.Debug|Any CPU.ActiveCfg = Debug|Any CPU
		{E3689AB0-4C29-4E3D-B233-3CF1468E5E32}.Debug|Any CPU.Build.0 = Debug|Any CPU
		{E3689AB0-4C29-4E3D-B233-3CF1468E5E32}.Release|Any CPU.ActiveCfg = Release|Any CPU
		{E3689AB0-4C29-4E3D-B233-3CF1468E5E32}.Release|Any CPU.Build.0 = Release|Any CPU
		{EBDD263D-BFBD-D98B-E761-5B9D3B8E7D3B}.Debug|Any CPU.ActiveCfg = Debug|Any CPU
		{EBDD263D-BFBD-D98B-E761-5B9D3B8E7D3B}.Debug|Any CPU.Build.0 = Debug|Any CPU
		{EBDD263D-BFBD-D98B-E761-5B9D3B8E7D3B}.Release|Any CPU.ActiveCfg = Release|Any CPU
		{EBDD263D-BFBD-D98B-E761-5B9D3B8E7D3B}.Release|Any CPU.Build.0 = Release|Any CPU
		{9FF95FE5-7E1C-579E-9437-76544F1F6AB6}.Debug|Any CPU.ActiveCfg = Debug|Any CPU
		{9FF95FE5-7E1C-579E-9437-76544F1F6AB6}.Debug|Any CPU.Build.0 = Debug|Any CPU
		{9FF95FE5-7E1C-579E-9437-76544F1F6AB6}.Release|Any CPU.ActiveCfg = Release|Any CPU
		{9FF95FE5-7E1C-579E-9437-76544F1F6AB6}.Release|Any CPU.Build.0 = Release|Any CPU
		{ABB605AD-D350-7609-CCA4-564B76C7D6F3}.Debug|Any CPU.ActiveCfg = Debug|Any CPU
		{ABB605AD-D350-7609-CCA4-564B76C7D6F3}.Debug|Any CPU.Build.0 = Debug|Any CPU
		{ABB605AD-D350-7609-CCA4-564B76C7D6F3}.Release|Any CPU.ActiveCfg = Release|Any CPU
		{ABB605AD-D350-7609-CCA4-564B76C7D6F3}.Release|Any CPU.Build.0 = Release|Any CPU
		{112AE9BE-FAF5-5345-9729-98F24EBB046C}.Debug|Any CPU.ActiveCfg = Debug|Any CPU
		{112AE9BE-FAF5-5345-9729-98F24EBB046C}.Debug|Any CPU.Build.0 = Debug|Any CPU
		{112AE9BE-FAF5-5345-9729-98F24EBB046C}.Release|Any CPU.ActiveCfg = Release|Any CPU
		{112AE9BE-FAF5-5345-9729-98F24EBB046C}.Release|Any CPU.Build.0 = Release|Any CPU
		{360B330F-20D6-8842-C05D-CFD2E651FFA2}.Debug|Any CPU.ActiveCfg = Debug|Any CPU
		{360B330F-20D6-8842-C05D-CFD2E651FFA2}.Debug|Any CPU.Build.0 = Debug|Any CPU
		{360B330F-20D6-8842-C05D-CFD2E651FFA2}.Release|Any CPU.ActiveCfg = Release|Any CPU
		{360B330F-20D6-8842-C05D-CFD2E651FFA2}.Release|Any CPU.Build.0 = Release|Any CPU
		{DAA909CD-0B3C-17AC-5239-7003EFF105F8}.Debug|Any CPU.ActiveCfg = Debug|Any CPU
		{DAA909CD-0B3C-17AC-5239-7003EFF105F8}.Debug|Any CPU.Build.0 = Debug|Any CPU
		{DAA909CD-0B3C-17AC-5239-7003EFF105F8}.Release|Any CPU.ActiveCfg = Release|Any CPU
		{DAA909CD-0B3C-17AC-5239-7003EFF105F8}.Release|Any CPU.Build.0 = Release|Any CPU
		{03D3C64B-E11A-C68A-43B6-5BE33CF37CC4}.Debug|Any CPU.ActiveCfg = Debug|Any CPU
		{03D3C64B-E11A-C68A-43B6-5BE33CF37CC4}.Debug|Any CPU.Build.0 = Debug|Any CPU
		{03D3C64B-E11A-C68A-43B6-5BE33CF37CC4}.Release|Any CPU.ActiveCfg = Release|Any CPU
		{03D3C64B-E11A-C68A-43B6-5BE33CF37CC4}.Release|Any CPU.Build.0 = Release|Any CPU
		{57B080F4-8E4E-B335-DFE4-A422DE0417EC}.Debug|Any CPU.ActiveCfg = Debug|Any CPU
		{57B080F4-8E4E-B335-DFE4-A422DE0417EC}.Debug|Any CPU.Build.0 = Debug|Any CPU
		{57B080F4-8E4E-B335-DFE4-A422DE0417EC}.Release|Any CPU.ActiveCfg = Release|Any CPU
		{57B080F4-8E4E-B335-DFE4-A422DE0417EC}.Release|Any CPU.Build.0 = Release|Any CPU
		{0F046463-0C34-CFD9-EF11-910841D81038}.Debug|Any CPU.ActiveCfg = Debug|Any CPU
		{0F046463-0C34-CFD9-EF11-910841D81038}.Debug|Any CPU.Build.0 = Debug|Any CPU
		{0F046463-0C34-CFD9-EF11-910841D81038}.Release|Any CPU.ActiveCfg = Release|Any CPU
		{0F046463-0C34-CFD9-EF11-910841D81038}.Release|Any CPU.Build.0 = Release|Any CPU
		{3A0C313B-691E-D576-1DF7-0B3B96F270EA}.Debug|Any CPU.ActiveCfg = Debug|Any CPU
		{3A0C313B-691E-D576-1DF7-0B3B96F270EA}.Debug|Any CPU.Build.0 = Debug|Any CPU
		{3A0C313B-691E-D576-1DF7-0B3B96F270EA}.Release|Any CPU.ActiveCfg = Release|Any CPU
		{3A0C313B-691E-D576-1DF7-0B3B96F270EA}.Release|Any CPU.Build.0 = Release|Any CPU
		{C6C50F78-F4EC-C29A-4642-8A9938B05206}.Debug|Any CPU.ActiveCfg = Debug|Any CPU
		{C6C50F78-F4EC-C29A-4642-8A9938B05206}.Debug|Any CPU.Build.0 = Debug|Any CPU
		{C6C50F78-F4EC-C29A-4642-8A9938B05206}.Release|Any CPU.ActiveCfg = Release|Any CPU
		{C6C50F78-F4EC-C29A-4642-8A9938B05206}.Release|Any CPU.Build.0 = Release|Any CPU
		{FC188927-539C-32A7-5E22-A06E34DD46B8}.Debug|Any CPU.ActiveCfg = Debug|Any CPU
		{FC188927-539C-32A7-5E22-A06E34DD46B8}.Debug|Any CPU.Build.0 = Debug|Any CPU
		{FC188927-539C-32A7-5E22-A06E34DD46B8}.Release|Any CPU.ActiveCfg = Release|Any CPU
		{FC188927-539C-32A7-5E22-A06E34DD46B8}.Release|Any CPU.Build.0 = Release|Any CPU
		{E8D77A2C-241B-7414-5A32-D6E79C59066D}.Debug|Any CPU.ActiveCfg = Debug|Any CPU
		{E8D77A2C-241B-7414-5A32-D6E79C59066D}.Debug|Any CPU.Build.0 = Debug|Any CPU
		{E8D77A2C-241B-7414-5A32-D6E79C59066D}.Release|Any CPU.ActiveCfg = Release|Any CPU
		{E8D77A2C-241B-7414-5A32-D6E79C59066D}.Release|Any CPU.Build.0 = Release|Any CPU
		{75F47262-A1C3-48EB-76CC-47512F847263}.Debug|Any CPU.ActiveCfg = Debug|Any CPU
		{75F47262-A1C3-48EB-76CC-47512F847263}.Debug|Any CPU.Build.0 = Debug|Any CPU
		{75F47262-A1C3-48EB-76CC-47512F847263}.Release|Any CPU.ActiveCfg = Release|Any CPU
		{75F47262-A1C3-48EB-76CC-47512F847263}.Release|Any CPU.Build.0 = Release|Any CPU
		{8F3504B8-76BD-EE57-467C-2EF4C6E92CDE}.Debug|Any CPU.ActiveCfg = Debug|Any CPU
		{8F3504B8-76BD-EE57-467C-2EF4C6E92CDE}.Debug|Any CPU.Build.0 = Debug|Any CPU
		{8F3504B8-76BD-EE57-467C-2EF4C6E92CDE}.Release|Any CPU.ActiveCfg = Release|Any CPU
		{8F3504B8-76BD-EE57-467C-2EF4C6E92CDE}.Release|Any CPU.Build.0 = Release|Any CPU
		{3C4904FD-EB0B-3521-E58B-E72699ABE96A}.Debug|Any CPU.ActiveCfg = Debug|Any CPU
		{3C4904FD-EB0B-3521-E58B-E72699ABE96A}.Debug|Any CPU.Build.0 = Debug|Any CPU
		{3C4904FD-EB0B-3521-E58B-E72699ABE96A}.Release|Any CPU.ActiveCfg = Release|Any CPU
		{3C4904FD-EB0B-3521-E58B-E72699ABE96A}.Release|Any CPU.Build.0 = Release|Any CPU
		{B719EF97-B279-A7D4-C105-FE8225450BEF}.Debug|Any CPU.ActiveCfg = Debug|Any CPU
		{B719EF97-B279-A7D4-C105-FE8225450BEF}.Debug|Any CPU.Build.0 = Debug|Any CPU
		{B719EF97-B279-A7D4-C105-FE8225450BEF}.Release|Any CPU.ActiveCfg = Release|Any CPU
		{B719EF97-B279-A7D4-C105-FE8225450BEF}.Release|Any CPU.Build.0 = Release|Any CPU
		{1F88EA41-99CA-45DF-CCB1-58D7239731CE}.Debug|Any CPU.ActiveCfg = Debug|Any CPU
		{1F88EA41-99CA-45DF-CCB1-58D7239731CE}.Debug|Any CPU.Build.0 = Debug|Any CPU
		{1F88EA41-99CA-45DF-CCB1-58D7239731CE}.Release|Any CPU.ActiveCfg = Release|Any CPU
		{1F88EA41-99CA-45DF-CCB1-58D7239731CE}.Release|Any CPU.Build.0 = Release|Any CPU
		{A4B5EB19-E87A-9577-A11D-C8F5EF568D6A}.Debug|Any CPU.ActiveCfg = Debug|Any CPU
		{A4B5EB19-E87A-9577-A11D-C8F5EF568D6A}.Debug|Any CPU.Build.0 = Debug|Any CPU
		{A4B5EB19-E87A-9577-A11D-C8F5EF568D6A}.Release|Any CPU.ActiveCfg = Release|Any CPU
		{A4B5EB19-E87A-9577-A11D-C8F5EF568D6A}.Release|Any CPU.Build.0 = Release|Any CPU
		{50F5F7D1-E09B-D9E4-246A-0C019154945A}.Debug|Any CPU.ActiveCfg = Debug|Any CPU
		{50F5F7D1-E09B-D9E4-246A-0C019154945A}.Debug|Any CPU.Build.0 = Debug|Any CPU
		{50F5F7D1-E09B-D9E4-246A-0C019154945A}.Release|Any CPU.ActiveCfg = Release|Any CPU
		{50F5F7D1-E09B-D9E4-246A-0C019154945A}.Release|Any CPU.Build.0 = Release|Any CPU
		{F4D8118B-C2DE-F952-87DE-3903978C7FFC}.Debug|Any CPU.ActiveCfg = Debug|Any CPU
		{F4D8118B-C2DE-F952-87DE-3903978C7FFC}.Debug|Any CPU.Build.0 = Debug|Any CPU
		{F4D8118B-C2DE-F952-87DE-3903978C7FFC}.Release|Any CPU.ActiveCfg = Release|Any CPU
		{F4D8118B-C2DE-F952-87DE-3903978C7FFC}.Release|Any CPU.Build.0 = Release|Any CPU
		{589F3115-EA42-BF14-721C-0BC1CA4F7A80}.Debug|Any CPU.ActiveCfg = Debug|Any CPU
		{589F3115-EA42-BF14-721C-0BC1CA4F7A80}.Debug|Any CPU.Build.0 = Debug|Any CPU
		{589F3115-EA42-BF14-721C-0BC1CA4F7A80}.Release|Any CPU.ActiveCfg = Release|Any CPU
		{589F3115-EA42-BF14-721C-0BC1CA4F7A80}.Release|Any CPU.Build.0 = Release|Any CPU
	EndGlobalSection
	GlobalSection(SolutionProperties) = preSolution
		HideSolutionNode = FALSE
	EndGlobalSection
EndGlobal
