
Microsoft Visual Studio Solution File, Format Version 11.00
# Visual Studio 2010
Project("{FAE04EC0-301F-11D3-BF4B-00C04F79EFBC}") = "UniGLTF", "UniGLTF.csproj", "{B5A0FA9B-3374-BADB-75DE-9988E154FDFC}"
EndProject
Project("{FAE04EC0-301F-11D3-BF4B-00C04F79EFBC}") = "Assembly-CSharp", "Assembly-CSharp.csproj", "{0D5B759F-23B8-0DA8-6B19-1B27A8FC2066}"
EndProject
Project("{FAE04EC0-301F-11D3-BF4B-00C04F79EFBC}") = "SimpleWebTransport", "SimpleWebTransport.csproj", "{F4DD6EFC-C08D-2763-2387-717EF93C3C44}"
EndProject
Project("{FAE04EC0-301F-11D3-BF4B-00C04F79EFBC}") = "Mirror.Examples", "Mirror.Examples.csproj", "{BB41B85D-AAFA-5295-C545-0A5B68A54DF3}"
EndProject
Project("{FAE04EC0-301F-11D3-BF4B-00C04F79EFBC}") = "VRM", "VRM.csproj", "{B5342B2F-737B-722B-EDA2-33852E88F1B9}"
EndProject
Project("{FAE04EC0-301F-11D3-BF4B-00C04F79EFBC}") = "VRMShaders.GLTF.IO.Runtime", "VRMShaders.GLTF.IO.Runtime.csproj", "{F38B5FEA-25B0-939B-5FC7-5715DBA3096F}"
EndProject
Project("{FAE04EC0-301F-11D3-BF4B-00C04F79EFBC}") = "Mirror", "Mirror.csproj", "{49BCCC2B-89A7-A546-8C9C-FEF872220F71}"
EndProject
Project("{FAE04EC0-301F-11D3-BF4B-00C04F79EFBC}") = "Mirror.Components", "Mirror.Components.csproj", "{6CCFBE33-365C-35A0-7D0A-7164080C8453}"
EndProject
Project("{FAE04EC0-301F-11D3-BF4B-00C04F79EFBC}") = "VRMShaders.VRM10.MToon10.Runtime", "VRMShaders.VRM10.MToon10.Runtime.csproj", "{13E5E582-1733-206A-50AF-4933982922DA}"
EndProject
Project("{FAE04EC0-301F-11D3-BF4B-00C04F79EFBC}") = "LRM", "LRM.csproj", "{D13535A0-07C5-DD28-97BF-3A428B4940A0}"
EndProject
Project("{FAE04EC0-301F-11D3-BF4B-00C04F79EFBC}") = "Telepathy", "Telepathy.csproj", "{14636710-0DF5-4FD5-40B2-6E47C48B8474}"
EndProject
Project("{FAE04EC0-301F-11D3-BF4B-00C04F79EFBC}") = "UniHumanoid", "UniHumanoid.csproj", "{9B0FC735-2D13-83E4-32FD-DF71EF99AA22}"
EndProject
Project("{FAE04EC0-301F-11D3-BF4B-00C04F79EFBC}") = "FastSpringBone", "FastSpringBone.csproj", "{12277556-A131-30A5-CAC3-DC3F2C101DCC}"
EndProject
Project("{FAE04EC0-301F-11D3-BF4B-00C04F79EFBC}") = "VRMShaders.GLTF.UniUnlit.Runtime", "VRMShaders.GLTF.UniUnlit.Runtime.csproj", "{9F53D774-F637-1457-44A9-B2D251A558CA}"
EndProject
Project("{FAE04EC0-301F-11D3-BF4B-00C04F79EFBC}") = "MToon", "MToon.csproj", "{E66306FB-BF49-57B6-24BB-32BA1986AC53}"
EndProject
Project("{FAE04EC0-301F-11D3-BF4B-00C04F79EFBC}") = "kcp2k", "kcp2k.csproj", "{AC8E69A5-FFD3-6BCA-F78E-9A61124F90DD}"
EndProject
Project("{FAE04EC0-301F-11D3-BF4B-00C04F79EFBC}") = "where-allocations", "where-allocations.csproj", "{B8F2D6DA-8F49-BDEB-513D-2BEE06DCA3D3}"
EndProject
Project("{FAE04EC0-301F-11D3-BF4B-00C04F79EFBC}") = "DOTween.Modules", "DOTween.Modules.csproj", "{EB23EE7D-C801-8EE1-11E6-EAC5C42FD406}"
EndProject
Project("{FAE04EC0-301F-11D3-BF4B-00C04F79EFBC}") = "VRMShaders.VRM10.Format.Runtime", "VRMShaders.VRM10.Format.Runtime.csproj", "{798015DA-F768-E07B-359B-CD05C8F4BBC4}"
EndProject
Project("{FAE04EC0-301F-11D3-BF4B-00C04F79EFBC}") = "UniGLTF.Samples.ScreenSpace", "UniGLTF.Samples.ScreenSpace.csproj", "{81CF1B49-3B10-CC39-46B5-6EC321718E4A}"
EndProject
Project("{FAE04EC0-301F-11D3-BF4B-00C04F79EFBC}") = "Mirror.Authenticators", "Mirror.Authenticators.csproj", "{386132D5-B18E-E020-57DE-DB6211D6DC31}"
EndProject
Project("{FAE04EC0-301F-11D3-BF4B-00C04F79EFBC}") = "VRMShaders.VRM.IO.Runtime", "VRMShaders.VRM.IO.Runtime.csproj", "{B678F465-C08E-ADC0-F6A2-4EC5BE257F0C}"
EndProject
Project("{FAE04EC0-301F-11D3-BF4B-00C04F79EFBC}") = "VRMShaders.GLTF.IO.Tests", "VRMShaders.GLTF.IO.Tests.csproj", "{42FB0EFB-69BE-2B7C-2944-2983E5FDC33E}"
EndProject
Project("{FAE04EC0-301F-11D3-BF4B-00C04F79EFBC}") = "UniGLTF.Tests", "UniGLTF.Tests.csproj", "{48610D65-05AA-4D47-AD8F-58FDEC97D36B}"
EndProject
Project("{FAE04EC0-301F-11D3-BF4B-00C04F79EFBC}") = "Unity.Mirror.CodeGen", "Unity.Mirror.CodeGen.csproj", "{CCF92E1B-BFED-40D1-A40C-DED2A243EB47}"
EndProject
Project("{FAE04EC0-301F-11D3-BF4B-00C04F79EFBC}") = "Assembly-CSharp-Editor", "Assembly-CSharp-Editor.csproj", "{6881284B-C2B7-C00B-C4D9-AFC170A49F96}"
EndProject
Project("{FAE04EC0-301F-11D3-BF4B-00C04F79EFBC}") = "UniVRM.Editor", "UniVRM.Editor.csproj", "{2D344D3A-BAEA-FA05-5822-EBBC7DD3E3B7}"
EndProject
Project("{FAE04EC0-301F-11D3-BF4B-00C04F79EFBC}") = "VRMShaders.GLTF.UniUnlit.Editor", "VRMShaders.GLTF.UniUnlit.Editor.csproj", "{FFAF73AA-8F61-7885-3886-491D9DEEFB62}"
EndProject
Project("{FAE04EC0-301F-11D3-BF4B-00C04F79EFBC}") = "UniGLTF.Editor", "UniGLTF.Editor.csproj", "{38C1E526-353F-5E54-897B-A594C82EA3AA}"
EndProject
Project("{FAE04EC0-301F-11D3-BF4B-00C04F79EFBC}") = "UniHumanoid.Editor", "UniHumanoid.Editor.csproj", "{ABE2BC7F-6F4C-698E-34BB-D91CB6708E98}"
EndProject
Project("{FAE04EC0-301F-11D3-BF4B-00C04F79EFBC}") = "VRM.Tests", "VRM.Tests.csproj", "{5DF47D57-4607-11DB-A00A-A80E7E8F3CC7}"
EndProject
Project("{FAE04EC0-301F-11D3-BF4B-00C04F79EFBC}") = "Mirror.Editor", "Mirror.Editor.csproj", "{773A83B6-90D2-4B4E-AE46-29AFEE0ECBFE}"
EndProject
Project("{FAE04EC0-301F-11D3-BF4B-00C04F79EFBC}") = "Mirror.CompilerSymbols", "Mirror.CompilerSymbols.csproj", "{D5FCAAC5-1B38-6F1F-B9D5-9F79C87C10CA}"
EndProject
Project("{FAE04EC0-301F-11D3-BF4B-00C04F79EFBC}") = "VRMShaders.GLTF.IO.Editor", "VRMShaders.GLTF.IO.Editor.csproj", "{CC548979-FDB5-7290-E325-1A29C0E9BA1F}"
EndProject
Project("{FAE04EC0-301F-11D3-BF4B-00C04F79EFBC}") = "VRMShaders.VRM10.MToon10.Editor", "VRMShaders.VRM10.MToon10.Editor.csproj", "{C3C19DFF-D6B1-FB7D-7513-7C73053A2856}"
EndProject
Project("{FAE04EC0-301F-11D3-BF4B-00C04F79EFBC}") = "MToon.Editor", "MToon.Editor.csproj", "{C069EF88-8A48-3B4C-9D39-E258F6DF9685}"
EndProject
Project("{FAE04EC0-301F-11D3-BF4B-00C04F79EFBC}") = "VRMShaders.VRM10.MToon10.Tests", "VRMShaders.VRM10.MToon10.Tests.csproj", "{C5E64775-383A-3030-AD83-11278B212D17}"
EndProject
Project("{FAE04EC0-301F-11D3-BF4B-00C04F79EFBC}") = "UniHumanoid.Editor.Tests", "UniHumanoid.Editor.Tests.csproj", "{7F66652C-F3AF-3352-0EF0-1DCABFEB6145}"
EndProject
Project("{FAE04EC0-301F-11D3-BF4B-00C04F79EFBC}") = "VRM.Samples.Editor.Tests", "VRM.Samples.Editor.Tests.csproj", "{BD6548E3-F4E3-4CB3-C600-98F737421A2C}"
EndProject
Global
	GlobalSection(SolutionConfigurationPlatforms) = preSolution
		Debug|Any CPU = Debug|Any CPU
		Release|Any CPU = Release|Any CPU
	EndGlobalSection
	GlobalSection(ProjectConfigurationPlatforms) = postSolution
		{B5A0FA9B-3374-BADB-75DE-9988E154FDFC}.Debug|Any CPU.ActiveCfg = Debug|Any CPU
		{B5A0FA9B-3374-BADB-75DE-9988E154FDFC}.Debug|Any CPU.Build.0 = Debug|Any CPU
		{B5A0FA9B-3374-BADB-75DE-9988E154FDFC}.Release|Any CPU.ActiveCfg = Release|Any CPU
		{B5A0FA9B-3374-BADB-75DE-9988E154FDFC}.Release|Any CPU.Build.0 = Release|Any CPU
		{0D5B759F-23B8-0DA8-6B19-1B27A8FC2066}.Debug|Any CPU.ActiveCfg = Debug|Any CPU
		{0D5B759F-23B8-0DA8-6B19-1B27A8FC2066}.Debug|Any CPU.Build.0 = Debug|Any CPU
		{0D5B759F-23B8-0DA8-6B19-1B27A8FC2066}.Release|Any CPU.ActiveCfg = Release|Any CPU
		{0D5B759F-23B8-0DA8-6B19-1B27A8FC2066}.Release|Any CPU.Build.0 = Release|Any CPU
		{F4DD6EFC-C08D-2763-2387-717EF93C3C44}.Debug|Any CPU.ActiveCfg = Debug|Any CPU
		{F4DD6EFC-C08D-2763-2387-717EF93C3C44}.Debug|Any CPU.Build.0 = Debug|Any CPU
		{F4DD6EFC-C08D-2763-2387-717EF93C3C44}.Release|Any CPU.ActiveCfg = Release|Any CPU
		{F4DD6EFC-C08D-2763-2387-717EF93C3C44}.Release|Any CPU.Build.0 = Release|Any CPU
		{BB41B85D-AAFA-5295-C545-0A5B68A54DF3}.Debug|Any CPU.ActiveCfg = Debug|Any CPU
		{BB41B85D-AAFA-5295-C545-0A5B68A54DF3}.Debug|Any CPU.Build.0 = Debug|Any CPU
		{BB41B85D-AAFA-5295-C545-0A5B68A54DF3}.Release|Any CPU.ActiveCfg = Release|Any CPU
		{BB41B85D-AAFA-5295-C545-0A5B68A54DF3}.Release|Any CPU.Build.0 = Release|Any CPU
		{B5342B2F-737B-722B-EDA2-33852E88F1B9}.Debug|Any CPU.ActiveCfg = Debug|Any CPU
		{B5342B2F-737B-722B-EDA2-33852E88F1B9}.Debug|Any CPU.Build.0 = Debug|Any CPU
		{B5342B2F-737B-722B-EDA2-33852E88F1B9}.Release|Any CPU.ActiveCfg = Release|Any CPU
		{B5342B2F-737B-722B-EDA2-33852E88F1B9}.Release|Any CPU.Build.0 = Release|Any CPU
		{F38B5FEA-25B0-939B-5FC7-5715DBA3096F}.Debug|Any CPU.ActiveCfg = Debug|Any CPU
		{F38B5FEA-25B0-939B-5FC7-5715DBA3096F}.Debug|Any CPU.Build.0 = Debug|Any CPU
		{F38B5FEA-25B0-939B-5FC7-5715DBA3096F}.Release|Any CPU.ActiveCfg = Release|Any CPU
		{F38B5FEA-25B0-939B-5FC7-5715DBA3096F}.Release|Any CPU.Build.0 = Release|Any CPU
		{49BCCC2B-89A7-A546-8C9C-FEF872220F71}.Debug|Any CPU.ActiveCfg = Debug|Any CPU
		{49BCCC2B-89A7-A546-8C9C-FEF872220F71}.Debug|Any CPU.Build.0 = Debug|Any CPU
		{49BCCC2B-89A7-A546-8C9C-FEF872220F71}.Release|Any CPU.ActiveCfg = Release|Any CPU
		{49BCCC2B-89A7-A546-8C9C-FEF872220F71}.Release|Any CPU.Build.0 = Release|Any CPU
		{6CCFBE33-365C-35A0-7D0A-7164080C8453}.Debug|Any CPU.ActiveCfg = Debug|Any CPU
		{6CCFBE33-365C-35A0-7D0A-7164080C8453}.Debug|Any CPU.Build.0 = Debug|Any CPU
		{6CCFBE33-365C-35A0-7D0A-7164080C8453}.Release|Any CPU.ActiveCfg = Release|Any CPU
		{6CCFBE33-365C-35A0-7D0A-7164080C8453}.Release|Any CPU.Build.0 = Release|Any CPU
		{13E5E582-1733-206A-50AF-4933982922DA}.Debug|Any CPU.ActiveCfg = Debug|Any CPU
		{13E5E582-1733-206A-50AF-4933982922DA}.Debug|Any CPU.Build.0 = Debug|Any CPU
		{13E5E582-1733-206A-50AF-4933982922DA}.Release|Any CPU.ActiveCfg = Release|Any CPU
		{13E5E582-1733-206A-50AF-4933982922DA}.Release|Any CPU.Build.0 = Release|Any CPU
		{D13535A0-07C5-DD28-97BF-3A428B4940A0}.Debug|Any CPU.ActiveCfg = Debug|Any CPU
		{D13535A0-07C5-DD28-97BF-3A428B4940A0}.Debug|Any CPU.Build.0 = Debug|Any CPU
		{D13535A0-07C5-DD28-97BF-3A428B4940A0}.Release|Any CPU.ActiveCfg = Release|Any CPU
		{D13535A0-07C5-DD28-97BF-3A428B4940A0}.Release|Any CPU.Build.0 = Release|Any CPU
		{14636710-0DF5-4FD5-40B2-6E47C48B8474}.Debug|Any CPU.ActiveCfg = Debug|Any CPU
		{14636710-0DF5-4FD5-40B2-6E47C48B8474}.Debug|Any CPU.Build.0 = Debug|Any CPU
		{14636710-0DF5-4FD5-40B2-6E47C48B8474}.Release|Any CPU.ActiveCfg = Release|Any CPU
		{14636710-0DF5-4FD5-40B2-6E47C48B8474}.Release|Any CPU.Build.0 = Release|Any CPU
		{9B0FC735-2D13-83E4-32FD-DF71EF99AA22}.Debug|Any CPU.ActiveCfg = Debug|Any CPU
		{9B0FC735-2D13-83E4-32FD-DF71EF99AA22}.Debug|Any CPU.Build.0 = Debug|Any CPU
		{9B0FC735-2D13-83E4-32FD-DF71EF99AA22}.Release|Any CPU.ActiveCfg = Release|Any CPU
		{9B0FC735-2D13-83E4-32FD-DF71EF99AA22}.Release|Any CPU.Build.0 = Release|Any CPU
		{12277556-A131-30A5-CAC3-DC3F2C101DCC}.Debug|Any CPU.ActiveCfg = Debug|Any CPU
		{12277556-A131-30A5-CAC3-DC3F2C101DCC}.Debug|Any CPU.Build.0 = Debug|Any CPU
		{12277556-A131-30A5-CAC3-DC3F2C101DCC}.Release|Any CPU.ActiveCfg = Release|Any CPU
		{12277556-A131-30A5-CAC3-DC3F2C101DCC}.Release|Any CPU.Build.0 = Release|Any CPU
		{9F53D774-F637-1457-44A9-B2D251A558CA}.Debug|Any CPU.ActiveCfg = Debug|Any CPU
		{9F53D774-F637-1457-44A9-B2D251A558CA}.Debug|Any CPU.Build.0 = Debug|Any CPU
		{9F53D774-F637-1457-44A9-B2D251A558CA}.Release|Any CPU.ActiveCfg = Release|Any CPU
		{9F53D774-F637-1457-44A9-B2D251A558CA}.Release|Any CPU.Build.0 = Release|Any CPU
		{E66306FB-BF49-57B6-24BB-32BA1986AC53}.Debug|Any CPU.ActiveCfg = Debug|Any CPU
		{E66306FB-BF49-57B6-24BB-32BA1986AC53}.Debug|Any CPU.Build.0 = Debug|Any CPU
		{E66306FB-BF49-57B6-24BB-32BA1986AC53}.Release|Any CPU.ActiveCfg = Release|Any CPU
		{E66306FB-BF49-57B6-24BB-32BA1986AC53}.Release|Any CPU.Build.0 = Release|Any CPU
		{AC8E69A5-FFD3-6BCA-F78E-9A61124F90DD}.Debug|Any CPU.ActiveCfg = Debug|Any CPU
		{AC8E69A5-FFD3-6BCA-F78E-9A61124F90DD}.Debug|Any CPU.Build.0 = Debug|Any CPU
		{AC8E69A5-FFD3-6BCA-F78E-9A61124F90DD}.Release|Any CPU.ActiveCfg = Release|Any CPU
		{AC8E69A5-FFD3-6BCA-F78E-9A61124F90DD}.Release|Any CPU.Build.0 = Release|Any CPU
		{B8F2D6DA-8F49-BDEB-513D-2BEE06DCA3D3}.Debug|Any CPU.ActiveCfg = Debug|Any CPU
		{B8F2D6DA-8F49-BDEB-513D-2BEE06DCA3D3}.Debug|Any CPU.Build.0 = Debug|Any CPU
		{B8F2D6DA-8F49-BDEB-513D-2BEE06DCA3D3}.Release|Any CPU.ActiveCfg = Release|Any CPU
		{B8F2D6DA-8F49-BDEB-513D-2BEE06DCA3D3}.Release|Any CPU.Build.0 = Release|Any CPU
		{EB23EE7D-C801-8EE1-11E6-EAC5C42FD406}.Debug|Any CPU.ActiveCfg = Debug|Any CPU
		{EB23EE7D-C801-8EE1-11E6-EAC5C42FD406}.Debug|Any CPU.Build.0 = Debug|Any CPU
		{EB23EE7D-C801-8EE1-11E6-EAC5C42FD406}.Release|Any CPU.ActiveCfg = Release|Any CPU
		{EB23EE7D-C801-8EE1-11E6-EAC5C42FD406}.Release|Any CPU.Build.0 = Release|Any CPU
		{798015DA-F768-E07B-359B-CD05C8F4BBC4}.Debug|Any CPU.ActiveCfg = Debug|Any CPU
		{798015DA-F768-E07B-359B-CD05C8F4BBC4}.Debug|Any CPU.Build.0 = Debug|Any CPU
		{798015DA-F768-E07B-359B-CD05C8F4BBC4}.Release|Any CPU.ActiveCfg = Release|Any CPU
		{798015DA-F768-E07B-359B-CD05C8F4BBC4}.Release|Any CPU.Build.0 = Release|Any CPU
		{81CF1B49-3B10-CC39-46B5-6EC321718E4A}.Debug|Any CPU.ActiveCfg = Debug|Any CPU
		{81CF1B49-3B10-CC39-46B5-6EC321718E4A}.Debug|Any CPU.Build.0 = Debug|Any CPU
		{81CF1B49-3B10-CC39-46B5-6EC321718E4A}.Release|Any CPU.ActiveCfg = Release|Any CPU
		{81CF1B49-3B10-CC39-46B5-6EC321718E4A}.Release|Any CPU.Build.0 = Release|Any CPU
		{386132D5-B18E-E020-57DE-DB6211D6DC31}.Debug|Any CPU.ActiveCfg = Debug|Any CPU
		{386132D5-B18E-E020-57DE-DB6211D6DC31}.Debug|Any CPU.Build.0 = Debug|Any CPU
		{386132D5-B18E-E020-57DE-DB6211D6DC31}.Release|Any CPU.ActiveCfg = Release|Any CPU
		{386132D5-B18E-E020-57DE-DB6211D6DC31}.Release|Any CPU.Build.0 = Release|Any CPU
		{B678F465-C08E-ADC0-F6A2-4EC5BE257F0C}.Debug|Any CPU.ActiveCfg = Debug|Any CPU
		{B678F465-C08E-ADC0-F6A2-4EC5BE257F0C}.Debug|Any CPU.Build.0 = Debug|Any CPU
		{B678F465-C08E-ADC0-F6A2-4EC5BE257F0C}.Release|Any CPU.ActiveCfg = Release|Any CPU
		{B678F465-C08E-ADC0-F6A2-4EC5BE257F0C}.Release|Any CPU.Build.0 = Release|Any CPU
		{42FB0EFB-69BE-2B7C-2944-2983E5FDC33E}.Debug|Any CPU.ActiveCfg = Debug|Any CPU
		{42FB0EFB-69BE-2B7C-2944-2983E5FDC33E}.Debug|Any CPU.Build.0 = Debug|Any CPU
		{42FB0EFB-69BE-2B7C-2944-2983E5FDC33E}.Release|Any CPU.ActiveCfg = Release|Any CPU
		{42FB0EFB-69BE-2B7C-2944-2983E5FDC33E}.Release|Any CPU.Build.0 = Release|Any CPU
		{48610D65-05AA-4D47-AD8F-58FDEC97D36B}.Debug|Any CPU.ActiveCfg = Debug|Any CPU
		{48610D65-05AA-4D47-AD8F-58FDEC97D36B}.Debug|Any CPU.Build.0 = Debug|Any CPU
		{48610D65-05AA-4D47-AD8F-58FDEC97D36B}.Release|Any CPU.ActiveCfg = Release|Any CPU
		{48610D65-05AA-4D47-AD8F-58FDEC97D36B}.Release|Any CPU.Build.0 = Release|Any CPU
		{CCF92E1B-BFED-40D1-A40C-DED2A243EB47}.Debug|Any CPU.ActiveCfg = Debug|Any CPU
		{CCF92E1B-BFED-40D1-A40C-DED2A243EB47}.Debug|Any CPU.Build.0 = Debug|Any CPU
		{CCF92E1B-BFED-40D1-A40C-DED2A243EB47}.Release|Any CPU.ActiveCfg = Release|Any CPU
		{CCF92E1B-BFED-40D1-A40C-DED2A243EB47}.Release|Any CPU.Build.0 = Release|Any CPU
		{6881284B-C2B7-C00B-C4D9-AFC170A49F96}.Debug|Any CPU.ActiveCfg = Debug|Any CPU
		{6881284B-C2B7-C00B-C4D9-AFC170A49F96}.Debug|Any CPU.Build.0 = Debug|Any CPU
		{6881284B-C2B7-C00B-C4D9-AFC170A49F96}.Release|Any CPU.ActiveCfg = Release|Any CPU
		{6881284B-C2B7-C00B-C4D9-AFC170A49F96}.Release|Any CPU.Build.0 = Release|Any CPU
		{2D344D3A-BAEA-FA05-5822-EBBC7DD3E3B7}.Debug|Any CPU.ActiveCfg = Debug|Any CPU
		{2D344D3A-BAEA-FA05-5822-EBBC7DD3E3B7}.Debug|Any CPU.Build.0 = Debug|Any CPU
		{2D344D3A-BAEA-FA05-5822-EBBC7DD3E3B7}.Release|Any CPU.ActiveCfg = Release|Any CPU
		{2D344D3A-BAEA-FA05-5822-EBBC7DD3E3B7}.Release|Any CPU.Build.0 = Release|Any CPU
		{FFAF73AA-8F61-7885-3886-491D9DEEFB62}.Debug|Any CPU.ActiveCfg = Debug|Any CPU
		{FFAF73AA-8F61-7885-3886-491D9DEEFB62}.Debug|Any CPU.Build.0 = Debug|Any CPU
		{FFAF73AA-8F61-7885-3886-491D9DEEFB62}.Release|Any CPU.ActiveCfg = Release|Any CPU
		{FFAF73AA-8F61-7885-3886-491D9DEEFB62}.Release|Any CPU.Build.0 = Release|Any CPU
		{38C1E526-353F-5E54-897B-A594C82EA3AA}.Debug|Any CPU.ActiveCfg = Debug|Any CPU
		{38C1E526-353F-5E54-897B-A594C82EA3AA}.Debug|Any CPU.Build.0 = Debug|Any CPU
		{38C1E526-353F-5E54-897B-A594C82EA3AA}.Release|Any CPU.ActiveCfg = Release|Any CPU
		{38C1E526-353F-5E54-897B-A594C82EA3AA}.Release|Any CPU.Build.0 = Release|Any CPU
		{ABE2BC7F-6F4C-698E-34BB-D91CB6708E98}.Debug|Any CPU.ActiveCfg = Debug|Any CPU
		{ABE2BC7F-6F4C-698E-34BB-D91CB6708E98}.Debug|Any CPU.Build.0 = Debug|Any CPU
		{ABE2BC7F-6F4C-698E-34BB-D91CB6708E98}.Release|Any CPU.ActiveCfg = Release|Any CPU
		{ABE2BC7F-6F4C-698E-34BB-D91CB6708E98}.Release|Any CPU.Build.0 = Release|Any CPU
		{5DF47D57-4607-11DB-A00A-A80E7E8F3CC7}.Debug|Any CPU.ActiveCfg = Debug|Any CPU
		{5DF47D57-4607-11DB-A00A-A80E7E8F3CC7}.Debug|Any CPU.Build.0 = Debug|Any CPU
		{5DF47D57-4607-11DB-A00A-A80E7E8F3CC7}.Release|Any CPU.ActiveCfg = Release|Any CPU
		{5DF47D57-4607-11DB-A00A-A80E7E8F3CC7}.Release|Any CPU.Build.0 = Release|Any CPU
		{773A83B6-90D2-4B4E-AE46-29AFEE0ECBFE}.Debug|Any CPU.ActiveCfg = Debug|Any CPU
		{773A83B6-90D2-4B4E-AE46-29AFEE0ECBFE}.Debug|Any CPU.Build.0 = Debug|Any CPU
		{773A83B6-90D2-4B4E-AE46-29AFEE0ECBFE}.Release|Any CPU.ActiveCfg = Release|Any CPU
		{773A83B6-90D2-4B4E-AE46-29AFEE0ECBFE}.Release|Any CPU.Build.0 = Release|Any CPU
		{D5FCAAC5-1B38-6F1F-B9D5-9F79C87C10CA}.Debug|Any CPU.ActiveCfg = Debug|Any CPU
		{D5FCAAC5-1B38-6F1F-B9D5-9F79C87C10CA}.Debug|Any CPU.Build.0 = Debug|Any CPU
		{D5FCAAC5-1B38-6F1F-B9D5-9F79C87C10CA}.Release|Any CPU.ActiveCfg = Release|Any CPU
		{D5FCAAC5-1B38-6F1F-B9D5-9F79C87C10CA}.Release|Any CPU.Build.0 = Release|Any CPU
		{CC548979-FDB5-7290-E325-1A29C0E9BA1F}.Debug|Any CPU.ActiveCfg = Debug|Any CPU
		{CC548979-FDB5-7290-E325-1A29C0E9BA1F}.Debug|Any CPU.Build.0 = Debug|Any CPU
		{CC548979-FDB5-7290-E325-1A29C0E9BA1F}.Release|Any CPU.ActiveCfg = Release|Any CPU
		{CC548979-FDB5-7290-E325-1A29C0E9BA1F}.Release|Any CPU.Build.0 = Release|Any CPU
		{C3C19DFF-D6B1-FB7D-7513-7C73053A2856}.Debug|Any CPU.ActiveCfg = Debug|Any CPU
		{C3C19DFF-D6B1-FB7D-7513-7C73053A2856}.Debug|Any CPU.Build.0 = Debug|Any CPU
		{C3C19DFF-D6B1-FB7D-7513-7C73053A2856}.Release|Any CPU.ActiveCfg = Release|Any CPU
		{C3C19DFF-D6B1-FB7D-7513-7C73053A2856}.Release|Any CPU.Build.0 = Release|Any CPU
		{C069EF88-8A48-3B4C-9D39-E258F6DF9685}.Debug|Any CPU.ActiveCfg = Debug|Any CPU
		{C069EF88-8A48-3B4C-9D39-E258F6DF9685}.Debug|Any CPU.Build.0 = Debug|Any CPU
		{C069EF88-8A48-3B4C-9D39-E258F6DF9685}.Release|Any CPU.ActiveCfg = Release|Any CPU
		{C069EF88-8A48-3B4C-9D39-E258F6DF9685}.Release|Any CPU.Build.0 = Release|Any CPU
		{C5E64775-383A-3030-AD83-11278B212D17}.Debug|Any CPU.ActiveCfg = Debug|Any CPU
		{C5E64775-383A-3030-AD83-11278B212D17}.Debug|Any CPU.Build.0 = Debug|Any CPU
		{C5E64775-383A-3030-AD83-11278B212D17}.Release|Any CPU.ActiveCfg = Release|Any CPU
		{C5E64775-383A-3030-AD83-11278B212D17}.Release|Any CPU.Build.0 = Release|Any CPU
		{7F66652C-F3AF-3352-0EF0-1DCABFEB6145}.Debug|Any CPU.ActiveCfg = Debug|Any CPU
		{7F66652C-F3AF-3352-0EF0-1DCABFEB6145}.Debug|Any CPU.Build.0 = Debug|Any CPU
		{7F66652C-F3AF-3352-0EF0-1DCABFEB6145}.Release|Any CPU.ActiveCfg = Release|Any CPU
		{7F66652C-F3AF-3352-0EF0-1DCABFEB6145}.Release|Any CPU.Build.0 = Release|Any CPU
		{BD6548E3-F4E3-4CB3-C600-98F737421A2C}.Debug|Any CPU.ActiveCfg = Debug|Any CPU
		{BD6548E3-F4E3-4CB3-C600-98F737421A2C}.Debug|Any CPU.Build.0 = Debug|Any CPU
		{BD6548E3-F4E3-4CB3-C600-98F737421A2C}.Release|Any CPU.ActiveCfg = Release|Any CPU
		{BD6548E3-F4E3-4CB3-C600-98F737421A2C}.Release|Any CPU.Build.0 = Release|Any CPU
	EndGlobalSection
	GlobalSection(SolutionProperties) = preSolution
		HideSolutionNode = FALSE
	EndGlobalSection
EndGlobal
